
Microsoft Visual Studio Solution File, Format Version 12.00
# Visual Studio Version 17
VisualStudioVersion = 17.7.34221.43
MinimumVisualStudioVersion = 10.0.40219.1
Project("{9A19103F-16F7-4668-BE54-9A1E7A4F7556}") = "AI.Labs.Module", "AI.Labs.Module\AI.Labs.Module.csproj", "{0DDCC474-1BCA-4612-89A9-01DD74B4FF92}"
EndProject
Project("{9A19103F-16F7-4668-BE54-9A1E7A4F7556}") = "AI.Labs.Win", "AI.Labs.Win\AI.Labs.Win.csproj", "{A5CA68D2-D47E-4DFC-BEA1-8B9AEA743F70}"
EndProject
Project("{9A19103F-16F7-4668-BE54-9A1E7A4F7556}") = "AI.Labs.Blazor.Server", "AI.Labs.Blazor.Server\AI.Labs.Blazor.Server.csproj", "{EF174C88-E82A-4FCC-9980-F0555FF75D2E}"
EndProject
Project("{9A19103F-16F7-4668-BE54-9A1E7A4F7556}") = "STT", "STT\STT.csproj", "{C6A43183-2387-4A6C-8B34-0B8C186E0435}"
EndProject
Project("{9A19103F-16F7-4668-BE54-9A1E7A4F7556}") = "WhisperNet", "WhisperNet\WhisperNet.csproj", "{618391F7-12DD-4728-B2E1-F43342035E6F}"
EndProject
Project("{9A19103F-16F7-4668-BE54-9A1E7A4F7556}") = "LlamaConsoleSharp", "LlamaConsoleSharp\LlamaConsoleSharp.csproj", "{78A4CB68-0EDA-4F23-B048-EA9DA0CA0489}"
EndProject
Project("{9A19103F-16F7-4668-BE54-9A1E7A4F7556}") = "OpenAI", "OpenAI.SDK\OpenAI.SDK\OpenAI.csproj", "{0C24BD17-0324-482D-9F6A-F782576728C2}"
EndProject
Project("{9A19103F-16F7-4668-BE54-9A1E7A4F7556}") = "AzureTest", "AzureTest\AzureTest.csproj", "{81D0A9E6-982C-472B-8FBD-F35390AD52B7}"
EndProject
Project("{9A19103F-16F7-4668-BE54-9A1E7A4F7556}") = "LLama.WebAPI", "..\Llama\LLamaSharp-master\LLama.WebAPI\LLama.WebAPI.csproj", "{8B5FEE7E-4892-4A71-9098-976A689C5BF0}"
EndProject
Project("{9A19103F-16F7-4668-BE54-9A1E7A4F7556}") = "LLamaSharp.SemanticKernel", "..\Llama\LLamaSharp-master\LLama.SemanticKernel\LLamaSharp.SemanticKernel.csproj", "{82BA2606-1019-45DE-A8A6-23578534127B}"
EndProject
Project("{9A19103F-16F7-4668-BE54-9A1E7A4F7556}") = "SK_LLamaSharpWebApi", "..\Llama\semantic-kernel-LLamaSharp-main\samples\SK_LLamaSharpWebApi\SK_LLamaSharpWebApi.csproj", "{6291BDF2-A7DD-4431-98B9-EE4EFCB2CA5F}"
EndProject
Project("{9A19103F-16F7-4668-BE54-9A1E7A4F7556}") = "Connectors.AI.LLamaSharp", "..\Llama\semantic-kernel-LLamaSharp-main\src\Connectors.AI.LLamaSharp\Connectors.AI.LLamaSharp.csproj", "{A61182B7-FD0C-4539-8BD4-F16ED76B4111}"
EndProject
Project("{9A19103F-16F7-4668-BE54-9A1E7A4F7556}") = "Edge_tts_sharp", "Edge_tts_sharp\Edge_tts_sharp.csproj", "{F53204BB-85CC-4B19-A7D2-3A26980A4C4B}"
EndProject
Project("{2150E333-8FDC-42A3-9474-1A3956D46DE8}") = "Solution Items", "Solution Items", "{B1E5E805-C7BE-4DB2-8775-2546AEFFDCC8}"
	ProjectSection(SolutionItems) = preProject
		.editorconfig = .editorconfig
		VideoScript.csx = VideoScript.csx
	EndProjectSection
EndProject
Project("{9A19103F-16F7-4668-BE54-9A1E7A4F7556}") = "VR", "VR\VR.csproj", "{4E7ACEC6-30AD-4BC0-A6DD-9400618D3148}"
EndProject
Project("{888888A0-9F3D-457C-B088-3A5042F75D52}") = "LlamaIndex.Labs", "LlamaIndex.Labs\LlamaIndex.Labs.pyproj", "{07442246-9667-4078-B220-94A9B98B85EF}"
EndProject
Project("{9A19103F-16F7-4668-BE54-9A1E7A4F7556}") = "Browser", "Browser\Browser.csproj", "{F984E8E2-60CC-43EF-9F9B-F6A6D75450F6}"
EndProject
Project("{9A19103F-16F7-4668-BE54-9A1E7A4F7556}") = "YoutubeExplode.Demo.Cli", "YoutubeExplode.Demo.Cli\YoutubeExplode.Demo.Cli.csproj", "{46200420-6CC0-464C-BE35-6990BDA810CD}"
EndProject
Project("{9A19103F-16F7-4668-BE54-9A1E7A4F7556}") = "NAudio.Lame", "NAudio.Lame-master\NAudio.Lame-master\NAudio.Lame\NAudio.Lame.csproj", "{69BD8C0F-4E73-44FF-9DCD-472E17F495BD}"
EndProject
Project("{9A19103F-16F7-4668-BE54-9A1E7A4F7556}") = "LameDLLWrap", "NAudio.Lame-master\NAudio.Lame-master\LameDLLWrap\LameDLLWrap.csproj", "{D0B26552-EF37-4864-A2BE-A7D69DEBEF84}"
EndProject
Project("{9A19103F-16F7-4668-BE54-9A1E7A4F7556}") = "RuntimePlugin", "RuntimePlugin\RuntimePlugin.csproj", "{F9DBE4C7-172D-4490-9982-FEA1419365E0}"
EndProject
Project("{9A19103F-16F7-4668-BE54-9A1E7A4F7556}") = "IPlugin", "IPlugin\IPlugin.csproj", "{296D3713-CF98-4050-81C2-A6CCCC2B2A42}"
EndProject
Project("{FAE04EC0-301F-11D3-BF4B-00C04F79EFBC}") = "MediaEditing", "MediaEditing\MediaEditing.csproj", "{0F081541-4A1A-4EDE-83FF-4BFEE62D8D82}"
EndProject
Project("{9A19103F-16F7-4668-BE54-9A1E7A4F7556}") = "MediaEditingConsole", "MediaEditingConsole\MediaEditingConsole.csproj", "{03A2AE7B-7897-42C5-881A-668B49AF4F37}"
EndProject
Project("{9A19103F-16F7-4668-BE54-9A1E7A4F7556}") = "HttpServer", "HttpServer\HttpServer.csproj", "{E73DEB4C-4BAE-4263-876F-63AD10ED6B53}"
EndProject
Project("{9A19103F-16F7-4668-BE54-9A1E7A4F7556}") = "VideoEditTest", "VideoEditTest\VideoEditTest.csproj", "{B4CB674B-30DB-4C2C-9FF6-B86EB69C75B1}"
EndProject
Project("{FAE04EC0-301F-11D3-BF4B-00C04F79EFBC}") = "MediaEdit", "MediaEdit\MediaEdit.csproj", "{07B739F0-5420-4404-9851-FD029C875152}"
EndProject
Global
	GlobalSection(SolutionConfigurationPlatforms) = preSolution
		Debug|Any CPU = Debug|Any CPU
		Debug|ARM = Debug|ARM
		Debug|Arm64 = Debug|Arm64
		Debug|x64 = Debug|x64
		Debug|x86 = Debug|x86
		GPU|Any CPU = GPU|Any CPU
		GPU|ARM = GPU|ARM
		GPU|Arm64 = GPU|Arm64
		GPU|x64 = GPU|x64
		GPU|x86 = GPU|x86
		Release|Any CPU = Release|Any CPU
		Release|ARM = Release|ARM
		Release|Arm64 = Release|Arm64
		Release|x64 = Release|x64
		Release|x86 = Release|x86
	EndGlobalSection
	GlobalSection(ProjectConfigurationPlatforms) = postSolution
		{0DDCC474-1BCA-4612-89A9-01DD74B4FF92}.Debug|Any CPU.ActiveCfg = Debug|Any CPU
		{0DDCC474-1BCA-4612-89A9-01DD74B4FF92}.Debug|Any CPU.Build.0 = Debug|Any CPU
		{0DDCC474-1BCA-4612-89A9-01DD74B4FF92}.Debug|ARM.ActiveCfg = Debug|Any CPU
		{0DDCC474-1BCA-4612-89A9-01DD74B4FF92}.Debug|ARM.Build.0 = Debug|Any CPU
		{0DDCC474-1BCA-4612-89A9-01DD74B4FF92}.Debug|Arm64.ActiveCfg = Debug|Any CPU
		{0DDCC474-1BCA-4612-89A9-01DD74B4FF92}.Debug|Arm64.Build.0 = Debug|Any CPU
		{0DDCC474-1BCA-4612-89A9-01DD74B4FF92}.Debug|x64.ActiveCfg = Debug|x64
		{0DDCC474-1BCA-4612-89A9-01DD74B4FF92}.Debug|x64.Build.0 = Debug|x64
		{0DDCC474-1BCA-4612-89A9-01DD74B4FF92}.Debug|x86.ActiveCfg = Debug|Any CPU
		{0DDCC474-1BCA-4612-89A9-01DD74B4FF92}.Debug|x86.Build.0 = Debug|Any CPU
		{0DDCC474-1BCA-4612-89A9-01DD74B4FF92}.GPU|Any CPU.ActiveCfg = EasyTest|Any CPU
		{0DDCC474-1BCA-4612-89A9-01DD74B4FF92}.GPU|Any CPU.Build.0 = EasyTest|Any CPU
		{0DDCC474-1BCA-4612-89A9-01DD74B4FF92}.GPU|ARM.ActiveCfg = Release|Any CPU
		{0DDCC474-1BCA-4612-89A9-01DD74B4FF92}.GPU|ARM.Build.0 = Release|Any CPU
		{0DDCC474-1BCA-4612-89A9-01DD74B4FF92}.GPU|Arm64.ActiveCfg = EasyTest|Any CPU
		{0DDCC474-1BCA-4612-89A9-01DD74B4FF92}.GPU|Arm64.Build.0 = EasyTest|Any CPU
		{0DDCC474-1BCA-4612-89A9-01DD74B4FF92}.GPU|x64.ActiveCfg = Debug|x64
		{0DDCC474-1BCA-4612-89A9-01DD74B4FF92}.GPU|x64.Build.0 = Debug|x64
		{0DDCC474-1BCA-4612-89A9-01DD74B4FF92}.GPU|x86.ActiveCfg = NewDebug|Any CPU
		{0DDCC474-1BCA-4612-89A9-01DD74B4FF92}.GPU|x86.Build.0 = NewDebug|Any CPU
		{0DDCC474-1BCA-4612-89A9-01DD74B4FF92}.Release|Any CPU.ActiveCfg = Release|Any CPU
		{0DDCC474-1BCA-4612-89A9-01DD74B4FF92}.Release|Any CPU.Build.0 = Release|Any CPU
		{0DDCC474-1BCA-4612-89A9-01DD74B4FF92}.Release|ARM.ActiveCfg = Release|Any CPU
		{0DDCC474-1BCA-4612-89A9-01DD74B4FF92}.Release|ARM.Build.0 = Release|Any CPU
		{0DDCC474-1BCA-4612-89A9-01DD74B4FF92}.Release|Arm64.ActiveCfg = Release|Any CPU
		{0DDCC474-1BCA-4612-89A9-01DD74B4FF92}.Release|Arm64.Build.0 = Release|Any CPU
		{0DDCC474-1BCA-4612-89A9-01DD74B4FF92}.Release|x64.ActiveCfg = Release|x64
		{0DDCC474-1BCA-4612-89A9-01DD74B4FF92}.Release|x64.Build.0 = Release|x64
		{0DDCC474-1BCA-4612-89A9-01DD74B4FF92}.Release|x86.ActiveCfg = Release|Any CPU
		{0DDCC474-1BCA-4612-89A9-01DD74B4FF92}.Release|x86.Build.0 = Release|Any CPU
		{A5CA68D2-D47E-4DFC-BEA1-8B9AEA743F70}.Debug|Any CPU.ActiveCfg = Debug|Any CPU
		{A5CA68D2-D47E-4DFC-BEA1-8B9AEA743F70}.Debug|Any CPU.Build.0 = Debug|Any CPU
		{A5CA68D2-D47E-4DFC-BEA1-8B9AEA743F70}.Debug|ARM.ActiveCfg = Debug|Any CPU
		{A5CA68D2-D47E-4DFC-BEA1-8B9AEA743F70}.Debug|ARM.Build.0 = Debug|Any CPU
		{A5CA68D2-D47E-4DFC-BEA1-8B9AEA743F70}.Debug|Arm64.ActiveCfg = Debug|Any CPU
		{A5CA68D2-D47E-4DFC-BEA1-8B9AEA743F70}.Debug|Arm64.Build.0 = Debug|Any CPU
		{A5CA68D2-D47E-4DFC-BEA1-8B9AEA743F70}.Debug|x64.ActiveCfg = Debug|x64
		{A5CA68D2-D47E-4DFC-BEA1-8B9AEA743F70}.Debug|x64.Build.0 = Debug|x64
		{A5CA68D2-D47E-4DFC-BEA1-8B9AEA743F70}.Debug|x86.ActiveCfg = Debug|Any CPU
		{A5CA68D2-D47E-4DFC-BEA1-8B9AEA743F70}.Debug|x86.Build.0 = Debug|Any CPU
		{A5CA68D2-D47E-4DFC-BEA1-8B9AEA743F70}.GPU|Any CPU.ActiveCfg = EasyTest|Any CPU
		{A5CA68D2-D47E-4DFC-BEA1-8B9AEA743F70}.GPU|Any CPU.Build.0 = EasyTest|Any CPU
		{A5CA68D2-D47E-4DFC-BEA1-8B9AEA743F70}.GPU|ARM.ActiveCfg = Release|Any CPU
		{A5CA68D2-D47E-4DFC-BEA1-8B9AEA743F70}.GPU|ARM.Build.0 = Release|Any CPU
		{A5CA68D2-D47E-4DFC-BEA1-8B9AEA743F70}.GPU|Arm64.ActiveCfg = EasyTest|Any CPU
		{A5CA68D2-D47E-4DFC-BEA1-8B9AEA743F70}.GPU|Arm64.Build.0 = EasyTest|Any CPU
		{A5CA68D2-D47E-4DFC-BEA1-8B9AEA743F70}.GPU|x64.ActiveCfg = Debug|x64
		{A5CA68D2-D47E-4DFC-BEA1-8B9AEA743F70}.GPU|x64.Build.0 = Debug|x64
		{A5CA68D2-D47E-4DFC-BEA1-8B9AEA743F70}.GPU|x86.ActiveCfg = NewDebug|Any CPU
		{A5CA68D2-D47E-4DFC-BEA1-8B9AEA743F70}.GPU|x86.Build.0 = NewDebug|Any CPU
		{A5CA68D2-D47E-4DFC-BEA1-8B9AEA743F70}.Release|Any CPU.ActiveCfg = Release|Any CPU
		{A5CA68D2-D47E-4DFC-BEA1-8B9AEA743F70}.Release|Any CPU.Build.0 = Release|Any CPU
		{A5CA68D2-D47E-4DFC-BEA1-8B9AEA743F70}.Release|ARM.ActiveCfg = Release|Any CPU
		{A5CA68D2-D47E-4DFC-BEA1-8B9AEA743F70}.Release|ARM.Build.0 = Release|Any CPU
		{A5CA68D2-D47E-4DFC-BEA1-8B9AEA743F70}.Release|Arm64.ActiveCfg = Release|Any CPU
		{A5CA68D2-D47E-4DFC-BEA1-8B9AEA743F70}.Release|Arm64.Build.0 = Release|Any CPU
		{A5CA68D2-D47E-4DFC-BEA1-8B9AEA743F70}.Release|x64.ActiveCfg = Release|x64
		{A5CA68D2-D47E-4DFC-BEA1-8B9AEA743F70}.Release|x64.Build.0 = Release|x64
		{A5CA68D2-D47E-4DFC-BEA1-8B9AEA743F70}.Release|x86.ActiveCfg = Release|Any CPU
		{A5CA68D2-D47E-4DFC-BEA1-8B9AEA743F70}.Release|x86.Build.0 = Release|Any CPU
		{EF174C88-E82A-4FCC-9980-F0555FF75D2E}.Debug|Any CPU.ActiveCfg = Debug|Any CPU
		{EF174C88-E82A-4FCC-9980-F0555FF75D2E}.Debug|Any CPU.Build.0 = Debug|Any CPU
		{EF174C88-E82A-4FCC-9980-F0555FF75D2E}.Debug|ARM.ActiveCfg = Debug|Any CPU
		{EF174C88-E82A-4FCC-9980-F0555FF75D2E}.Debug|ARM.Build.0 = Debug|Any CPU
		{EF174C88-E82A-4FCC-9980-F0555FF75D2E}.Debug|Arm64.ActiveCfg = Debug|Any CPU
		{EF174C88-E82A-4FCC-9980-F0555FF75D2E}.Debug|Arm64.Build.0 = Debug|Any CPU
		{EF174C88-E82A-4FCC-9980-F0555FF75D2E}.Debug|x64.ActiveCfg = Debug|x64
		{EF174C88-E82A-4FCC-9980-F0555FF75D2E}.Debug|x64.Build.0 = Debug|x64
		{EF174C88-E82A-4FCC-9980-F0555FF75D2E}.Debug|x86.ActiveCfg = Debug|Any CPU
		{EF174C88-E82A-4FCC-9980-F0555FF75D2E}.Debug|x86.Build.0 = Debug|Any CPU
		{EF174C88-E82A-4FCC-9980-F0555FF75D2E}.GPU|Any CPU.ActiveCfg = EasyTest|Any CPU
		{EF174C88-E82A-4FCC-9980-F0555FF75D2E}.GPU|Any CPU.Build.0 = EasyTest|Any CPU
		{EF174C88-E82A-4FCC-9980-F0555FF75D2E}.GPU|ARM.ActiveCfg = Release|Any CPU
		{EF174C88-E82A-4FCC-9980-F0555FF75D2E}.GPU|ARM.Build.0 = Release|Any CPU
		{EF174C88-E82A-4FCC-9980-F0555FF75D2E}.GPU|Arm64.ActiveCfg = EasyTest|Any CPU
		{EF174C88-E82A-4FCC-9980-F0555FF75D2E}.GPU|Arm64.Build.0 = EasyTest|Any CPU
		{EF174C88-E82A-4FCC-9980-F0555FF75D2E}.GPU|x64.ActiveCfg = Debug|x64
		{EF174C88-E82A-4FCC-9980-F0555FF75D2E}.GPU|x64.Build.0 = Debug|x64
		{EF174C88-E82A-4FCC-9980-F0555FF75D2E}.GPU|x86.ActiveCfg = NewDebug|Any CPU
		{EF174C88-E82A-4FCC-9980-F0555FF75D2E}.GPU|x86.Build.0 = NewDebug|Any CPU
		{EF174C88-E82A-4FCC-9980-F0555FF75D2E}.Release|Any CPU.ActiveCfg = Release|Any CPU
		{EF174C88-E82A-4FCC-9980-F0555FF75D2E}.Release|Any CPU.Build.0 = Release|Any CPU
		{EF174C88-E82A-4FCC-9980-F0555FF75D2E}.Release|ARM.ActiveCfg = Release|Any CPU
		{EF174C88-E82A-4FCC-9980-F0555FF75D2E}.Release|ARM.Build.0 = Release|Any CPU
		{EF174C88-E82A-4FCC-9980-F0555FF75D2E}.Release|Arm64.ActiveCfg = Release|Any CPU
		{EF174C88-E82A-4FCC-9980-F0555FF75D2E}.Release|Arm64.Build.0 = Release|Any CPU
		{EF174C88-E82A-4FCC-9980-F0555FF75D2E}.Release|x64.ActiveCfg = Release|x64
		{EF174C88-E82A-4FCC-9980-F0555FF75D2E}.Release|x64.Build.0 = Release|x64
		{EF174C88-E82A-4FCC-9980-F0555FF75D2E}.Release|x86.ActiveCfg = Release|Any CPU
		{EF174C88-E82A-4FCC-9980-F0555FF75D2E}.Release|x86.Build.0 = Release|Any CPU
		{C6A43183-2387-4A6C-8B34-0B8C186E0435}.Debug|Any CPU.ActiveCfg = Debug|Any CPU
		{C6A43183-2387-4A6C-8B34-0B8C186E0435}.Debug|Any CPU.Build.0 = Debug|Any CPU
		{C6A43183-2387-4A6C-8B34-0B8C186E0435}.Debug|ARM.ActiveCfg = Debug|Any CPU
		{C6A43183-2387-4A6C-8B34-0B8C186E0435}.Debug|ARM.Build.0 = Debug|Any CPU
		{C6A43183-2387-4A6C-8B34-0B8C186E0435}.Debug|Arm64.ActiveCfg = Debug|Any CPU
		{C6A43183-2387-4A6C-8B34-0B8C186E0435}.Debug|Arm64.Build.0 = Debug|Any CPU
		{C6A43183-2387-4A6C-8B34-0B8C186E0435}.Debug|x64.ActiveCfg = Debug|x64
		{C6A43183-2387-4A6C-8B34-0B8C186E0435}.Debug|x64.Build.0 = Debug|x64
		{C6A43183-2387-4A6C-8B34-0B8C186E0435}.Debug|x86.ActiveCfg = Debug|Any CPU
		{C6A43183-2387-4A6C-8B34-0B8C186E0435}.Debug|x86.Build.0 = Debug|Any CPU
		{C6A43183-2387-4A6C-8B34-0B8C186E0435}.GPU|Any CPU.ActiveCfg = NewDebug|Any CPU
		{C6A43183-2387-4A6C-8B34-0B8C186E0435}.GPU|Any CPU.Build.0 = NewDebug|Any CPU
		{C6A43183-2387-4A6C-8B34-0B8C186E0435}.GPU|ARM.ActiveCfg = Release|Any CPU
		{C6A43183-2387-4A6C-8B34-0B8C186E0435}.GPU|ARM.Build.0 = Release|Any CPU
		{C6A43183-2387-4A6C-8B34-0B8C186E0435}.GPU|Arm64.ActiveCfg = NewDebug|Any CPU
		{C6A43183-2387-4A6C-8B34-0B8C186E0435}.GPU|Arm64.Build.0 = NewDebug|Any CPU
		{C6A43183-2387-4A6C-8B34-0B8C186E0435}.GPU|x64.ActiveCfg = Debug|x64
		{C6A43183-2387-4A6C-8B34-0B8C186E0435}.GPU|x64.Build.0 = Debug|x64
		{C6A43183-2387-4A6C-8B34-0B8C186E0435}.GPU|x86.ActiveCfg = Release|Any CPU
		{C6A43183-2387-4A6C-8B34-0B8C186E0435}.GPU|x86.Build.0 = Release|Any CPU
		{C6A43183-2387-4A6C-8B34-0B8C186E0435}.Release|Any CPU.ActiveCfg = Release|Any CPU
		{C6A43183-2387-4A6C-8B34-0B8C186E0435}.Release|Any CPU.Build.0 = Release|Any CPU
		{C6A43183-2387-4A6C-8B34-0B8C186E0435}.Release|ARM.ActiveCfg = Release|Any CPU
		{C6A43183-2387-4A6C-8B34-0B8C186E0435}.Release|ARM.Build.0 = Release|Any CPU
		{C6A43183-2387-4A6C-8B34-0B8C186E0435}.Release|Arm64.ActiveCfg = Release|Any CPU
		{C6A43183-2387-4A6C-8B34-0B8C186E0435}.Release|Arm64.Build.0 = Release|Any CPU
		{C6A43183-2387-4A6C-8B34-0B8C186E0435}.Release|x64.ActiveCfg = Release|x64
		{C6A43183-2387-4A6C-8B34-0B8C186E0435}.Release|x64.Build.0 = Release|x64
		{C6A43183-2387-4A6C-8B34-0B8C186E0435}.Release|x86.ActiveCfg = Release|Any CPU
		{C6A43183-2387-4A6C-8B34-0B8C186E0435}.Release|x86.Build.0 = Release|Any CPU
		{618391F7-12DD-4728-B2E1-F43342035E6F}.Debug|Any CPU.ActiveCfg = Debug|Any CPU
		{618391F7-12DD-4728-B2E1-F43342035E6F}.Debug|Any CPU.Build.0 = Debug|Any CPU
		{618391F7-12DD-4728-B2E1-F43342035E6F}.Debug|ARM.ActiveCfg = Debug|Any CPU
		{618391F7-12DD-4728-B2E1-F43342035E6F}.Debug|ARM.Build.0 = Debug|Any CPU
		{618391F7-12DD-4728-B2E1-F43342035E6F}.Debug|Arm64.ActiveCfg = Debug|Any CPU
		{618391F7-12DD-4728-B2E1-F43342035E6F}.Debug|Arm64.Build.0 = Debug|Any CPU
		{618391F7-12DD-4728-B2E1-F43342035E6F}.Debug|x64.ActiveCfg = Debug|x64
		{618391F7-12DD-4728-B2E1-F43342035E6F}.Debug|x64.Build.0 = Debug|x64
		{618391F7-12DD-4728-B2E1-F43342035E6F}.Debug|x86.ActiveCfg = Debug|Any CPU
		{618391F7-12DD-4728-B2E1-F43342035E6F}.Debug|x86.Build.0 = Debug|Any CPU
		{618391F7-12DD-4728-B2E1-F43342035E6F}.GPU|Any CPU.ActiveCfg = NewDebug|Any CPU
		{618391F7-12DD-4728-B2E1-F43342035E6F}.GPU|Any CPU.Build.0 = NewDebug|Any CPU
		{618391F7-12DD-4728-B2E1-F43342035E6F}.GPU|ARM.ActiveCfg = Release|Any CPU
		{618391F7-12DD-4728-B2E1-F43342035E6F}.GPU|ARM.Build.0 = Release|Any CPU
		{618391F7-12DD-4728-B2E1-F43342035E6F}.GPU|Arm64.ActiveCfg = NewDebug|Any CPU
		{618391F7-12DD-4728-B2E1-F43342035E6F}.GPU|Arm64.Build.0 = NewDebug|Any CPU
		{618391F7-12DD-4728-B2E1-F43342035E6F}.GPU|x64.ActiveCfg = Debug|x64
		{618391F7-12DD-4728-B2E1-F43342035E6F}.GPU|x64.Build.0 = Debug|x64
		{618391F7-12DD-4728-B2E1-F43342035E6F}.GPU|x86.ActiveCfg = Release|Any CPU
		{618391F7-12DD-4728-B2E1-F43342035E6F}.GPU|x86.Build.0 = Release|Any CPU
		{618391F7-12DD-4728-B2E1-F43342035E6F}.Release|Any CPU.ActiveCfg = Release|Any CPU
		{618391F7-12DD-4728-B2E1-F43342035E6F}.Release|Any CPU.Build.0 = Release|Any CPU
		{618391F7-12DD-4728-B2E1-F43342035E6F}.Release|ARM.ActiveCfg = Release|Any CPU
		{618391F7-12DD-4728-B2E1-F43342035E6F}.Release|ARM.Build.0 = Release|Any CPU
		{618391F7-12DD-4728-B2E1-F43342035E6F}.Release|Arm64.ActiveCfg = Release|Any CPU
		{618391F7-12DD-4728-B2E1-F43342035E6F}.Release|Arm64.Build.0 = Release|Any CPU
		{618391F7-12DD-4728-B2E1-F43342035E6F}.Release|x64.ActiveCfg = Release|x64
		{618391F7-12DD-4728-B2E1-F43342035E6F}.Release|x64.Build.0 = Release|x64
		{618391F7-12DD-4728-B2E1-F43342035E6F}.Release|x86.ActiveCfg = Release|Any CPU
		{618391F7-12DD-4728-B2E1-F43342035E6F}.Release|x86.Build.0 = Release|Any CPU
		{78A4CB68-0EDA-4F23-B048-EA9DA0CA0489}.Debug|Any CPU.ActiveCfg = Debug|Any CPU
		{78A4CB68-0EDA-4F23-B048-EA9DA0CA0489}.Debug|Any CPU.Build.0 = Debug|Any CPU
		{78A4CB68-0EDA-4F23-B048-EA9DA0CA0489}.Debug|ARM.ActiveCfg = Debug|Any CPU
		{78A4CB68-0EDA-4F23-B048-EA9DA0CA0489}.Debug|ARM.Build.0 = Debug|Any CPU
		{78A4CB68-0EDA-4F23-B048-EA9DA0CA0489}.Debug|Arm64.ActiveCfg = Debug|Any CPU
		{78A4CB68-0EDA-4F23-B048-EA9DA0CA0489}.Debug|Arm64.Build.0 = Debug|Any CPU
		{78A4CB68-0EDA-4F23-B048-EA9DA0CA0489}.Debug|x64.ActiveCfg = Debug|x64
		{78A4CB68-0EDA-4F23-B048-EA9DA0CA0489}.Debug|x64.Build.0 = Debug|x64
		{78A4CB68-0EDA-4F23-B048-EA9DA0CA0489}.Debug|x86.ActiveCfg = Debug|Any CPU
		{78A4CB68-0EDA-4F23-B048-EA9DA0CA0489}.Debug|x86.Build.0 = Debug|Any CPU
		{78A4CB68-0EDA-4F23-B048-EA9DA0CA0489}.GPU|Any CPU.ActiveCfg = Release|Any CPU
		{78A4CB68-0EDA-4F23-B048-EA9DA0CA0489}.GPU|Any CPU.Build.0 = Release|Any CPU
		{78A4CB68-0EDA-4F23-B048-EA9DA0CA0489}.GPU|ARM.ActiveCfg = Release|Any CPU
		{78A4CB68-0EDA-4F23-B048-EA9DA0CA0489}.GPU|ARM.Build.0 = Release|Any CPU
		{78A4CB68-0EDA-4F23-B048-EA9DA0CA0489}.GPU|Arm64.ActiveCfg = Release|Any CPU
		{78A4CB68-0EDA-4F23-B048-EA9DA0CA0489}.GPU|Arm64.Build.0 = Release|Any CPU
		{78A4CB68-0EDA-4F23-B048-EA9DA0CA0489}.GPU|x64.ActiveCfg = Release|x64
		{78A4CB68-0EDA-4F23-B048-EA9DA0CA0489}.GPU|x64.Build.0 = Release|x64
		{78A4CB68-0EDA-4F23-B048-EA9DA0CA0489}.GPU|x86.ActiveCfg = Release|Any CPU
		{78A4CB68-0EDA-4F23-B048-EA9DA0CA0489}.GPU|x86.Build.0 = Release|Any CPU
		{78A4CB68-0EDA-4F23-B048-EA9DA0CA0489}.Release|Any CPU.ActiveCfg = Release|Any CPU
		{78A4CB68-0EDA-4F23-B048-EA9DA0CA0489}.Release|Any CPU.Build.0 = Release|Any CPU
		{78A4CB68-0EDA-4F23-B048-EA9DA0CA0489}.Release|ARM.ActiveCfg = Release|Any CPU
		{78A4CB68-0EDA-4F23-B048-EA9DA0CA0489}.Release|ARM.Build.0 = Release|Any CPU
		{78A4CB68-0EDA-4F23-B048-EA9DA0CA0489}.Release|Arm64.ActiveCfg = Release|Any CPU
		{78A4CB68-0EDA-4F23-B048-EA9DA0CA0489}.Release|Arm64.Build.0 = Release|Any CPU
		{78A4CB68-0EDA-4F23-B048-EA9DA0CA0489}.Release|x64.ActiveCfg = Release|x64
		{78A4CB68-0EDA-4F23-B048-EA9DA0CA0489}.Release|x64.Build.0 = Release|x64
		{78A4CB68-0EDA-4F23-B048-EA9DA0CA0489}.Release|x86.ActiveCfg = Release|Any CPU
		{78A4CB68-0EDA-4F23-B048-EA9DA0CA0489}.Release|x86.Build.0 = Release|Any CPU
		{0C24BD17-0324-482D-9F6A-F782576728C2}.Debug|Any CPU.ActiveCfg = Debug|Any CPU
		{0C24BD17-0324-482D-9F6A-F782576728C2}.Debug|Any CPU.Build.0 = Debug|Any CPU
		{0C24BD17-0324-482D-9F6A-F782576728C2}.Debug|ARM.ActiveCfg = Debug|Any CPU
		{0C24BD17-0324-482D-9F6A-F782576728C2}.Debug|ARM.Build.0 = Debug|Any CPU
		{0C24BD17-0324-482D-9F6A-F782576728C2}.Debug|Arm64.ActiveCfg = Debug|Any CPU
		{0C24BD17-0324-482D-9F6A-F782576728C2}.Debug|Arm64.Build.0 = Debug|Any CPU
		{0C24BD17-0324-482D-9F6A-F782576728C2}.Debug|x64.ActiveCfg = Debug|Any CPU
		{0C24BD17-0324-482D-9F6A-F782576728C2}.Debug|x64.Build.0 = Debug|Any CPU
		{0C24BD17-0324-482D-9F6A-F782576728C2}.Debug|x86.ActiveCfg = Debug|Any CPU
		{0C24BD17-0324-482D-9F6A-F782576728C2}.Debug|x86.Build.0 = Debug|Any CPU
		{0C24BD17-0324-482D-9F6A-F782576728C2}.GPU|Any CPU.ActiveCfg = Release|Any CPU
		{0C24BD17-0324-482D-9F6A-F782576728C2}.GPU|Any CPU.Build.0 = Release|Any CPU
		{0C24BD17-0324-482D-9F6A-F782576728C2}.GPU|ARM.ActiveCfg = Release|Any CPU
		{0C24BD17-0324-482D-9F6A-F782576728C2}.GPU|ARM.Build.0 = Release|Any CPU
		{0C24BD17-0324-482D-9F6A-F782576728C2}.GPU|Arm64.ActiveCfg = Release|Any CPU
		{0C24BD17-0324-482D-9F6A-F782576728C2}.GPU|Arm64.Build.0 = Release|Any CPU
		{0C24BD17-0324-482D-9F6A-F782576728C2}.GPU|x64.ActiveCfg = Release|Any CPU
		{0C24BD17-0324-482D-9F6A-F782576728C2}.GPU|x64.Build.0 = Release|Any CPU
		{0C24BD17-0324-482D-9F6A-F782576728C2}.GPU|x86.ActiveCfg = Release|Any CPU
		{0C24BD17-0324-482D-9F6A-F782576728C2}.GPU|x86.Build.0 = Release|Any CPU
		{0C24BD17-0324-482D-9F6A-F782576728C2}.Release|Any CPU.ActiveCfg = Release|Any CPU
		{0C24BD17-0324-482D-9F6A-F782576728C2}.Release|Any CPU.Build.0 = Release|Any CPU
		{0C24BD17-0324-482D-9F6A-F782576728C2}.Release|ARM.ActiveCfg = Release|Any CPU
		{0C24BD17-0324-482D-9F6A-F782576728C2}.Release|ARM.Build.0 = Release|Any CPU
		{0C24BD17-0324-482D-9F6A-F782576728C2}.Release|Arm64.ActiveCfg = Release|Any CPU
		{0C24BD17-0324-482D-9F6A-F782576728C2}.Release|Arm64.Build.0 = Release|Any CPU
		{0C24BD17-0324-482D-9F6A-F782576728C2}.Release|x64.ActiveCfg = Release|Any CPU
		{0C24BD17-0324-482D-9F6A-F782576728C2}.Release|x64.Build.0 = Release|Any CPU
		{0C24BD17-0324-482D-9F6A-F782576728C2}.Release|x86.ActiveCfg = Release|Any CPU
		{0C24BD17-0324-482D-9F6A-F782576728C2}.Release|x86.Build.0 = Release|Any CPU
		{81D0A9E6-982C-472B-8FBD-F35390AD52B7}.Debug|Any CPU.ActiveCfg = Debug|Any CPU
		{81D0A9E6-982C-472B-8FBD-F35390AD52B7}.Debug|Any CPU.Build.0 = Debug|Any CPU
		{81D0A9E6-982C-472B-8FBD-F35390AD52B7}.Debug|ARM.ActiveCfg = Debug|Any CPU
		{81D0A9E6-982C-472B-8FBD-F35390AD52B7}.Debug|ARM.Build.0 = Debug|Any CPU
		{81D0A9E6-982C-472B-8FBD-F35390AD52B7}.Debug|Arm64.ActiveCfg = Debug|Any CPU
		{81D0A9E6-982C-472B-8FBD-F35390AD52B7}.Debug|Arm64.Build.0 = Debug|Any CPU
		{81D0A9E6-982C-472B-8FBD-F35390AD52B7}.Debug|x64.ActiveCfg = Debug|Any CPU
		{81D0A9E6-982C-472B-8FBD-F35390AD52B7}.Debug|x64.Build.0 = Debug|Any CPU
		{81D0A9E6-982C-472B-8FBD-F35390AD52B7}.Debug|x86.ActiveCfg = Debug|Any CPU
		{81D0A9E6-982C-472B-8FBD-F35390AD52B7}.Debug|x86.Build.0 = Debug|Any CPU
		{81D0A9E6-982C-472B-8FBD-F35390AD52B7}.GPU|Any CPU.ActiveCfg = Release|Any CPU
		{81D0A9E6-982C-472B-8FBD-F35390AD52B7}.GPU|Any CPU.Build.0 = Release|Any CPU
		{81D0A9E6-982C-472B-8FBD-F35390AD52B7}.GPU|ARM.ActiveCfg = Release|Any CPU
		{81D0A9E6-982C-472B-8FBD-F35390AD52B7}.GPU|ARM.Build.0 = Release|Any CPU
		{81D0A9E6-982C-472B-8FBD-F35390AD52B7}.GPU|Arm64.ActiveCfg = Release|Any CPU
		{81D0A9E6-982C-472B-8FBD-F35390AD52B7}.GPU|Arm64.Build.0 = Release|Any CPU
		{81D0A9E6-982C-472B-8FBD-F35390AD52B7}.GPU|x64.ActiveCfg = Release|Any CPU
		{81D0A9E6-982C-472B-8FBD-F35390AD52B7}.GPU|x64.Build.0 = Release|Any CPU
		{81D0A9E6-982C-472B-8FBD-F35390AD52B7}.GPU|x86.ActiveCfg = Release|Any CPU
		{81D0A9E6-982C-472B-8FBD-F35390AD52B7}.GPU|x86.Build.0 = Release|Any CPU
		{81D0A9E6-982C-472B-8FBD-F35390AD52B7}.Release|Any CPU.ActiveCfg = Release|Any CPU
		{81D0A9E6-982C-472B-8FBD-F35390AD52B7}.Release|Any CPU.Build.0 = Release|Any CPU
		{81D0A9E6-982C-472B-8FBD-F35390AD52B7}.Release|ARM.ActiveCfg = Release|Any CPU
		{81D0A9E6-982C-472B-8FBD-F35390AD52B7}.Release|ARM.Build.0 = Release|Any CPU
		{81D0A9E6-982C-472B-8FBD-F35390AD52B7}.Release|Arm64.ActiveCfg = Release|Any CPU
		{81D0A9E6-982C-472B-8FBD-F35390AD52B7}.Release|Arm64.Build.0 = Release|Any CPU
		{81D0A9E6-982C-472B-8FBD-F35390AD52B7}.Release|x64.ActiveCfg = Release|Any CPU
		{81D0A9E6-982C-472B-8FBD-F35390AD52B7}.Release|x64.Build.0 = Release|Any CPU
		{81D0A9E6-982C-472B-8FBD-F35390AD52B7}.Release|x86.ActiveCfg = Release|Any CPU
		{81D0A9E6-982C-472B-8FBD-F35390AD52B7}.Release|x86.Build.0 = Release|Any CPU
		{8B5FEE7E-4892-4A71-9098-976A689C5BF0}.Debug|Any CPU.ActiveCfg = Debug|Any CPU
		{8B5FEE7E-4892-4A71-9098-976A689C5BF0}.Debug|Any CPU.Build.0 = Debug|Any CPU
		{8B5FEE7E-4892-4A71-9098-976A689C5BF0}.Debug|ARM.ActiveCfg = Debug|Any CPU
		{8B5FEE7E-4892-4A71-9098-976A689C5BF0}.Debug|Arm64.ActiveCfg = Debug|Any CPU
		{8B5FEE7E-4892-4A71-9098-976A689C5BF0}.Debug|Arm64.Build.0 = Debug|Any CPU
		{8B5FEE7E-4892-4A71-9098-976A689C5BF0}.Debug|x64.ActiveCfg = Debug|Any CPU
		{8B5FEE7E-4892-4A71-9098-976A689C5BF0}.Debug|x64.Build.0 = Debug|Any CPU
		{8B5FEE7E-4892-4A71-9098-976A689C5BF0}.Debug|x86.ActiveCfg = Debug|Any CPU
		{8B5FEE7E-4892-4A71-9098-976A689C5BF0}.GPU|Any CPU.ActiveCfg = Debug|Any CPU
		{8B5FEE7E-4892-4A71-9098-976A689C5BF0}.GPU|Any CPU.Build.0 = Debug|Any CPU
		{8B5FEE7E-4892-4A71-9098-976A689C5BF0}.GPU|ARM.ActiveCfg = Release|Any CPU
		{8B5FEE7E-4892-4A71-9098-976A689C5BF0}.GPU|Arm64.ActiveCfg = Debug|Any CPU
		{8B5FEE7E-4892-4A71-9098-976A689C5BF0}.GPU|Arm64.Build.0 = Debug|Any CPU
		{8B5FEE7E-4892-4A71-9098-976A689C5BF0}.GPU|x64.ActiveCfg = Debug|Any CPU
		{8B5FEE7E-4892-4A71-9098-976A689C5BF0}.GPU|x64.Build.0 = Debug|Any CPU
		{8B5FEE7E-4892-4A71-9098-976A689C5BF0}.GPU|x86.ActiveCfg = Release|Any CPU
		{8B5FEE7E-4892-4A71-9098-976A689C5BF0}.Release|Any CPU.ActiveCfg = Release|Any CPU
		{8B5FEE7E-4892-4A71-9098-976A689C5BF0}.Release|Any CPU.Build.0 = Release|Any CPU
		{8B5FEE7E-4892-4A71-9098-976A689C5BF0}.Release|ARM.ActiveCfg = Release|Any CPU
		{8B5FEE7E-4892-4A71-9098-976A689C5BF0}.Release|Arm64.ActiveCfg = Release|Any CPU
		{8B5FEE7E-4892-4A71-9098-976A689C5BF0}.Release|Arm64.Build.0 = Release|Any CPU
		{8B5FEE7E-4892-4A71-9098-976A689C5BF0}.Release|x64.ActiveCfg = Release|Any CPU
		{8B5FEE7E-4892-4A71-9098-976A689C5BF0}.Release|x64.Build.0 = Release|Any CPU
		{8B5FEE7E-4892-4A71-9098-976A689C5BF0}.Release|x86.ActiveCfg = Release|Any CPU
		{82BA2606-1019-45DE-A8A6-23578534127B}.Debug|Any CPU.ActiveCfg = Debug|Any CPU
		{82BA2606-1019-45DE-A8A6-23578534127B}.Debug|Any CPU.Build.0 = Debug|Any CPU
		{82BA2606-1019-45DE-A8A6-23578534127B}.Debug|ARM.ActiveCfg = Debug|Any CPU
		{82BA2606-1019-45DE-A8A6-23578534127B}.Debug|Arm64.ActiveCfg = Debug|Arm64
		{82BA2606-1019-45DE-A8A6-23578534127B}.Debug|Arm64.Build.0 = Debug|Arm64
		{82BA2606-1019-45DE-A8A6-23578534127B}.Debug|x64.ActiveCfg = Debug|x64
		{82BA2606-1019-45DE-A8A6-23578534127B}.Debug|x64.Build.0 = Debug|x64
		{82BA2606-1019-45DE-A8A6-23578534127B}.Debug|x86.ActiveCfg = Debug|Any CPU
		{82BA2606-1019-45DE-A8A6-23578534127B}.GPU|Any CPU.ActiveCfg = GPU|Any CPU
		{82BA2606-1019-45DE-A8A6-23578534127B}.GPU|Any CPU.Build.0 = GPU|Any CPU
		{82BA2606-1019-45DE-A8A6-23578534127B}.GPU|ARM.ActiveCfg = GPU|Any CPU
		{82BA2606-1019-45DE-A8A6-23578534127B}.GPU|Arm64.ActiveCfg = GPU|Arm64
		{82BA2606-1019-45DE-A8A6-23578534127B}.GPU|Arm64.Build.0 = GPU|Arm64
		{82BA2606-1019-45DE-A8A6-23578534127B}.GPU|x64.ActiveCfg = GPU|x64
		{82BA2606-1019-45DE-A8A6-23578534127B}.GPU|x64.Build.0 = GPU|x64
		{82BA2606-1019-45DE-A8A6-23578534127B}.GPU|x86.ActiveCfg = GPU|Any CPU
		{82BA2606-1019-45DE-A8A6-23578534127B}.Release|Any CPU.ActiveCfg = Release|Any CPU
		{82BA2606-1019-45DE-A8A6-23578534127B}.Release|Any CPU.Build.0 = Release|Any CPU
		{82BA2606-1019-45DE-A8A6-23578534127B}.Release|ARM.ActiveCfg = Release|Any CPU
		{82BA2606-1019-45DE-A8A6-23578534127B}.Release|Arm64.ActiveCfg = Release|Arm64
		{82BA2606-1019-45DE-A8A6-23578534127B}.Release|Arm64.Build.0 = Release|Arm64
		{82BA2606-1019-45DE-A8A6-23578534127B}.Release|x64.ActiveCfg = Release|x64
		{82BA2606-1019-45DE-A8A6-23578534127B}.Release|x64.Build.0 = Release|x64
		{82BA2606-1019-45DE-A8A6-23578534127B}.Release|x86.ActiveCfg = Release|Any CPU
		{6291BDF2-A7DD-4431-98B9-EE4EFCB2CA5F}.Debug|Any CPU.ActiveCfg = Debug|Any CPU
		{6291BDF2-A7DD-4431-98B9-EE4EFCB2CA5F}.Debug|Any CPU.Build.0 = Debug|Any CPU
		{6291BDF2-A7DD-4431-98B9-EE4EFCB2CA5F}.Debug|ARM.ActiveCfg = Debug|Any CPU
		{6291BDF2-A7DD-4431-98B9-EE4EFCB2CA5F}.Debug|ARM.Build.0 = Debug|Any CPU
		{6291BDF2-A7DD-4431-98B9-EE4EFCB2CA5F}.Debug|Arm64.ActiveCfg = Debug|Any CPU
		{6291BDF2-A7DD-4431-98B9-EE4EFCB2CA5F}.Debug|Arm64.Build.0 = Debug|Any CPU
		{6291BDF2-A7DD-4431-98B9-EE4EFCB2CA5F}.Debug|x64.ActiveCfg = Debug|x64
		{6291BDF2-A7DD-4431-98B9-EE4EFCB2CA5F}.Debug|x64.Build.0 = Debug|x64
		{6291BDF2-A7DD-4431-98B9-EE4EFCB2CA5F}.Debug|x86.ActiveCfg = Debug|Any CPU
		{6291BDF2-A7DD-4431-98B9-EE4EFCB2CA5F}.Debug|x86.Build.0 = Debug|Any CPU
		{6291BDF2-A7DD-4431-98B9-EE4EFCB2CA5F}.GPU|Any CPU.ActiveCfg = Debug|Any CPU
		{6291BDF2-A7DD-4431-98B9-EE4EFCB2CA5F}.GPU|Any CPU.Build.0 = Debug|Any CPU
		{6291BDF2-A7DD-4431-98B9-EE4EFCB2CA5F}.GPU|ARM.ActiveCfg = Release|Any CPU
		{6291BDF2-A7DD-4431-98B9-EE4EFCB2CA5F}.GPU|ARM.Build.0 = Release|Any CPU
		{6291BDF2-A7DD-4431-98B9-EE4EFCB2CA5F}.GPU|Arm64.ActiveCfg = Debug|Any CPU
		{6291BDF2-A7DD-4431-98B9-EE4EFCB2CA5F}.GPU|Arm64.Build.0 = Debug|Any CPU
		{6291BDF2-A7DD-4431-98B9-EE4EFCB2CA5F}.GPU|x64.ActiveCfg = Debug|x64
		{6291BDF2-A7DD-4431-98B9-EE4EFCB2CA5F}.GPU|x64.Build.0 = Debug|x64
		{6291BDF2-A7DD-4431-98B9-EE4EFCB2CA5F}.GPU|x86.ActiveCfg = Release|Any CPU
		{6291BDF2-A7DD-4431-98B9-EE4EFCB2CA5F}.GPU|x86.Build.0 = Release|Any CPU
		{6291BDF2-A7DD-4431-98B9-EE4EFCB2CA5F}.Release|Any CPU.ActiveCfg = Release|Any CPU
		{6291BDF2-A7DD-4431-98B9-EE4EFCB2CA5F}.Release|Any CPU.Build.0 = Release|Any CPU
		{6291BDF2-A7DD-4431-98B9-EE4EFCB2CA5F}.Release|ARM.ActiveCfg = Release|Any CPU
		{6291BDF2-A7DD-4431-98B9-EE4EFCB2CA5F}.Release|ARM.Build.0 = Release|Any CPU
		{6291BDF2-A7DD-4431-98B9-EE4EFCB2CA5F}.Release|Arm64.ActiveCfg = Release|Any CPU
		{6291BDF2-A7DD-4431-98B9-EE4EFCB2CA5F}.Release|Arm64.Build.0 = Release|Any CPU
		{6291BDF2-A7DD-4431-98B9-EE4EFCB2CA5F}.Release|x64.ActiveCfg = Release|x64
		{6291BDF2-A7DD-4431-98B9-EE4EFCB2CA5F}.Release|x64.Build.0 = Release|x64
		{6291BDF2-A7DD-4431-98B9-EE4EFCB2CA5F}.Release|x86.ActiveCfg = Release|Any CPU
		{6291BDF2-A7DD-4431-98B9-EE4EFCB2CA5F}.Release|x86.Build.0 = Release|Any CPU
		{A61182B7-FD0C-4539-8BD4-F16ED76B4111}.Debug|Any CPU.ActiveCfg = Debug|Any CPU
		{A61182B7-FD0C-4539-8BD4-F16ED76B4111}.Debug|Any CPU.Build.0 = Debug|Any CPU
		{A61182B7-FD0C-4539-8BD4-F16ED76B4111}.Debug|ARM.ActiveCfg = Debug|Any CPU
		{A61182B7-FD0C-4539-8BD4-F16ED76B4111}.Debug|Arm64.ActiveCfg = Debug|Any CPU
		{A61182B7-FD0C-4539-8BD4-F16ED76B4111}.Debug|Arm64.Build.0 = Debug|Any CPU
		{A61182B7-FD0C-4539-8BD4-F16ED76B4111}.Debug|x64.ActiveCfg = Debug|Any CPU
		{A61182B7-FD0C-4539-8BD4-F16ED76B4111}.Debug|x64.Build.0 = Debug|Any CPU
		{A61182B7-FD0C-4539-8BD4-F16ED76B4111}.Debug|x86.ActiveCfg = Debug|Any CPU
		{A61182B7-FD0C-4539-8BD4-F16ED76B4111}.GPU|Any CPU.ActiveCfg = Debug|Any CPU
		{A61182B7-FD0C-4539-8BD4-F16ED76B4111}.GPU|Any CPU.Build.0 = Debug|Any CPU
		{A61182B7-FD0C-4539-8BD4-F16ED76B4111}.GPU|ARM.ActiveCfg = Release|Any CPU
		{A61182B7-FD0C-4539-8BD4-F16ED76B4111}.GPU|Arm64.ActiveCfg = Debug|Any CPU
		{A61182B7-FD0C-4539-8BD4-F16ED76B4111}.GPU|Arm64.Build.0 = Debug|Any CPU
		{A61182B7-FD0C-4539-8BD4-F16ED76B4111}.GPU|x64.ActiveCfg = Debug|Any CPU
		{A61182B7-FD0C-4539-8BD4-F16ED76B4111}.GPU|x64.Build.0 = Debug|Any CPU
		{A61182B7-FD0C-4539-8BD4-F16ED76B4111}.GPU|x86.ActiveCfg = Release|Any CPU
		{A61182B7-FD0C-4539-8BD4-F16ED76B4111}.Release|Any CPU.ActiveCfg = Release|Any CPU
		{A61182B7-FD0C-4539-8BD4-F16ED76B4111}.Release|Any CPU.Build.0 = Release|Any CPU
		{A61182B7-FD0C-4539-8BD4-F16ED76B4111}.Release|ARM.ActiveCfg = Release|Any CPU
		{A61182B7-FD0C-4539-8BD4-F16ED76B4111}.Release|Arm64.ActiveCfg = Release|Any CPU
		{A61182B7-FD0C-4539-8BD4-F16ED76B4111}.Release|Arm64.Build.0 = Release|Any CPU
		{A61182B7-FD0C-4539-8BD4-F16ED76B4111}.Release|x64.ActiveCfg = Release|Any CPU
		{A61182B7-FD0C-4539-8BD4-F16ED76B4111}.Release|x64.Build.0 = Release|Any CPU
		{A61182B7-FD0C-4539-8BD4-F16ED76B4111}.Release|x86.ActiveCfg = Release|Any CPU
		{F53204BB-85CC-4B19-A7D2-3A26980A4C4B}.Debug|Any CPU.ActiveCfg = Debug|Any CPU
		{F53204BB-85CC-4B19-A7D2-3A26980A4C4B}.Debug|Any CPU.Build.0 = Debug|Any CPU
		{F53204BB-85CC-4B19-A7D2-3A26980A4C4B}.Debug|ARM.ActiveCfg = Debug|Any CPU
		{F53204BB-85CC-4B19-A7D2-3A26980A4C4B}.Debug|ARM.Build.0 = Debug|Any CPU
		{F53204BB-85CC-4B19-A7D2-3A26980A4C4B}.Debug|Arm64.ActiveCfg = Debug|Any CPU
		{F53204BB-85CC-4B19-A7D2-3A26980A4C4B}.Debug|Arm64.Build.0 = Debug|Any CPU
		{F53204BB-85CC-4B19-A7D2-3A26980A4C4B}.Debug|x64.ActiveCfg = Debug|Any CPU
		{F53204BB-85CC-4B19-A7D2-3A26980A4C4B}.Debug|x64.Build.0 = Debug|Any CPU
		{F53204BB-85CC-4B19-A7D2-3A26980A4C4B}.Debug|x86.ActiveCfg = Debug|Any CPU
		{F53204BB-85CC-4B19-A7D2-3A26980A4C4B}.Debug|x86.Build.0 = Debug|Any CPU
		{F53204BB-85CC-4B19-A7D2-3A26980A4C4B}.GPU|Any CPU.ActiveCfg = Debug|Any CPU
		{F53204BB-85CC-4B19-A7D2-3A26980A4C4B}.GPU|Any CPU.Build.0 = Debug|Any CPU
		{F53204BB-85CC-4B19-A7D2-3A26980A4C4B}.GPU|ARM.ActiveCfg = Release|Any CPU
		{F53204BB-85CC-4B19-A7D2-3A26980A4C4B}.GPU|ARM.Build.0 = Release|Any CPU
		{F53204BB-85CC-4B19-A7D2-3A26980A4C4B}.GPU|Arm64.ActiveCfg = Debug|Any CPU
		{F53204BB-85CC-4B19-A7D2-3A26980A4C4B}.GPU|Arm64.Build.0 = Debug|Any CPU
		{F53204BB-85CC-4B19-A7D2-3A26980A4C4B}.GPU|x64.ActiveCfg = Debug|Any CPU
		{F53204BB-85CC-4B19-A7D2-3A26980A4C4B}.GPU|x64.Build.0 = Debug|Any CPU
		{F53204BB-85CC-4B19-A7D2-3A26980A4C4B}.GPU|x86.ActiveCfg = Release|Any CPU
		{F53204BB-85CC-4B19-A7D2-3A26980A4C4B}.GPU|x86.Build.0 = Release|Any CPU
		{F53204BB-85CC-4B19-A7D2-3A26980A4C4B}.Release|Any CPU.ActiveCfg = Release|Any CPU
		{F53204BB-85CC-4B19-A7D2-3A26980A4C4B}.Release|Any CPU.Build.0 = Release|Any CPU
		{F53204BB-85CC-4B19-A7D2-3A26980A4C4B}.Release|ARM.ActiveCfg = Release|Any CPU
		{F53204BB-85CC-4B19-A7D2-3A26980A4C4B}.Release|ARM.Build.0 = Release|Any CPU
		{F53204BB-85CC-4B19-A7D2-3A26980A4C4B}.Release|Arm64.ActiveCfg = Release|Any CPU
		{F53204BB-85CC-4B19-A7D2-3A26980A4C4B}.Release|Arm64.Build.0 = Release|Any CPU
		{F53204BB-85CC-4B19-A7D2-3A26980A4C4B}.Release|x64.ActiveCfg = Release|Any CPU
		{F53204BB-85CC-4B19-A7D2-3A26980A4C4B}.Release|x64.Build.0 = Release|Any CPU
		{F53204BB-85CC-4B19-A7D2-3A26980A4C4B}.Release|x86.ActiveCfg = Release|Any CPU
		{F53204BB-85CC-4B19-A7D2-3A26980A4C4B}.Release|x86.Build.0 = Release|Any CPU
		{4E7ACEC6-30AD-4BC0-A6DD-9400618D3148}.Debug|Any CPU.ActiveCfg = Debug|Any CPU
		{4E7ACEC6-30AD-4BC0-A6DD-9400618D3148}.Debug|Any CPU.Build.0 = Debug|Any CPU
		{4E7ACEC6-30AD-4BC0-A6DD-9400618D3148}.Debug|ARM.ActiveCfg = Debug|Any CPU
		{4E7ACEC6-30AD-4BC0-A6DD-9400618D3148}.Debug|Arm64.ActiveCfg = Debug|Any CPU
		{4E7ACEC6-30AD-4BC0-A6DD-9400618D3148}.Debug|Arm64.Build.0 = Debug|Any CPU
		{4E7ACEC6-30AD-4BC0-A6DD-9400618D3148}.Debug|x64.ActiveCfg = Debug|Any CPU
		{4E7ACEC6-30AD-4BC0-A6DD-9400618D3148}.Debug|x64.Build.0 = Debug|Any CPU
		{4E7ACEC6-30AD-4BC0-A6DD-9400618D3148}.Debug|x86.ActiveCfg = Debug|Any CPU
		{4E7ACEC6-30AD-4BC0-A6DD-9400618D3148}.GPU|Any CPU.ActiveCfg = Debug|Any CPU
		{4E7ACEC6-30AD-4BC0-A6DD-9400618D3148}.GPU|Any CPU.Build.0 = Debug|Any CPU
		{4E7ACEC6-30AD-4BC0-A6DD-9400618D3148}.GPU|ARM.ActiveCfg = Release|Any CPU
		{4E7ACEC6-30AD-4BC0-A6DD-9400618D3148}.GPU|Arm64.ActiveCfg = Debug|Any CPU
		{4E7ACEC6-30AD-4BC0-A6DD-9400618D3148}.GPU|Arm64.Build.0 = Debug|Any CPU
		{4E7ACEC6-30AD-4BC0-A6DD-9400618D3148}.GPU|x64.ActiveCfg = Debug|Any CPU
		{4E7ACEC6-30AD-4BC0-A6DD-9400618D3148}.GPU|x64.Build.0 = Debug|Any CPU
		{4E7ACEC6-30AD-4BC0-A6DD-9400618D3148}.GPU|x86.ActiveCfg = Release|Any CPU
		{4E7ACEC6-30AD-4BC0-A6DD-9400618D3148}.Release|Any CPU.ActiveCfg = Release|Any CPU
		{4E7ACEC6-30AD-4BC0-A6DD-9400618D3148}.Release|Any CPU.Build.0 = Release|Any CPU
		{4E7ACEC6-30AD-4BC0-A6DD-9400618D3148}.Release|ARM.ActiveCfg = Release|Any CPU
		{4E7ACEC6-30AD-4BC0-A6DD-9400618D3148}.Release|Arm64.ActiveCfg = Release|Any CPU
		{4E7ACEC6-30AD-4BC0-A6DD-9400618D3148}.Release|Arm64.Build.0 = Release|Any CPU
		{4E7ACEC6-30AD-4BC0-A6DD-9400618D3148}.Release|x64.ActiveCfg = Release|Any CPU
		{4E7ACEC6-30AD-4BC0-A6DD-9400618D3148}.Release|x64.Build.0 = Release|Any CPU
		{4E7ACEC6-30AD-4BC0-A6DD-9400618D3148}.Release|x86.ActiveCfg = Release|Any CPU
		{07442246-9667-4078-B220-94A9B98B85EF}.Debug|Any CPU.ActiveCfg = Debug|Any CPU
		{07442246-9667-4078-B220-94A9B98B85EF}.Debug|ARM.ActiveCfg = Debug|Any CPU
		{07442246-9667-4078-B220-94A9B98B85EF}.Debug|Arm64.ActiveCfg = Debug|Any CPU
		{07442246-9667-4078-B220-94A9B98B85EF}.Debug|x64.ActiveCfg = Debug|Any CPU
		{07442246-9667-4078-B220-94A9B98B85EF}.Debug|x86.ActiveCfg = Debug|Any CPU
		{07442246-9667-4078-B220-94A9B98B85EF}.GPU|Any CPU.ActiveCfg = Debug|Any CPU
		{07442246-9667-4078-B220-94A9B98B85EF}.GPU|ARM.ActiveCfg = Release|Any CPU
		{07442246-9667-4078-B220-94A9B98B85EF}.GPU|Arm64.ActiveCfg = Debug|Any CPU
		{07442246-9667-4078-B220-94A9B98B85EF}.GPU|x64.ActiveCfg = Debug|Any CPU
		{07442246-9667-4078-B220-94A9B98B85EF}.GPU|x86.ActiveCfg = Release|Any CPU
		{07442246-9667-4078-B220-94A9B98B85EF}.Release|Any CPU.ActiveCfg = Release|Any CPU
		{07442246-9667-4078-B220-94A9B98B85EF}.Release|ARM.ActiveCfg = Release|Any CPU
		{07442246-9667-4078-B220-94A9B98B85EF}.Release|Arm64.ActiveCfg = Release|Any CPU
		{07442246-9667-4078-B220-94A9B98B85EF}.Release|x64.ActiveCfg = Release|Any CPU
		{07442246-9667-4078-B220-94A9B98B85EF}.Release|x86.ActiveCfg = Release|Any CPU
		{F984E8E2-60CC-43EF-9F9B-F6A6D75450F6}.Debug|Any CPU.ActiveCfg = Debug|Any CPU
		{F984E8E2-60CC-43EF-9F9B-F6A6D75450F6}.Debug|Any CPU.Build.0 = Debug|Any CPU
		{F984E8E2-60CC-43EF-9F9B-F6A6D75450F6}.Debug|ARM.ActiveCfg = Debug|Any CPU
		{F984E8E2-60CC-43EF-9F9B-F6A6D75450F6}.Debug|ARM.Build.0 = Debug|Any CPU
		{F984E8E2-60CC-43EF-9F9B-F6A6D75450F6}.Debug|Arm64.ActiveCfg = Debug|Any CPU
		{F984E8E2-60CC-43EF-9F9B-F6A6D75450F6}.Debug|Arm64.Build.0 = Debug|Any CPU
		{F984E8E2-60CC-43EF-9F9B-F6A6D75450F6}.Debug|x64.ActiveCfg = Debug|Any CPU
		{F984E8E2-60CC-43EF-9F9B-F6A6D75450F6}.Debug|x64.Build.0 = Debug|Any CPU
		{F984E8E2-60CC-43EF-9F9B-F6A6D75450F6}.Debug|x86.ActiveCfg = Debug|Any CPU
		{F984E8E2-60CC-43EF-9F9B-F6A6D75450F6}.Debug|x86.Build.0 = Debug|Any CPU
		{F984E8E2-60CC-43EF-9F9B-F6A6D75450F6}.GPU|Any CPU.ActiveCfg = Debug|Any CPU
		{F984E8E2-60CC-43EF-9F9B-F6A6D75450F6}.GPU|Any CPU.Build.0 = Debug|Any CPU
		{F984E8E2-60CC-43EF-9F9B-F6A6D75450F6}.GPU|ARM.ActiveCfg = Release|Any CPU
		{F984E8E2-60CC-43EF-9F9B-F6A6D75450F6}.GPU|ARM.Build.0 = Release|Any CPU
		{F984E8E2-60CC-43EF-9F9B-F6A6D75450F6}.GPU|Arm64.ActiveCfg = Debug|Any CPU
		{F984E8E2-60CC-43EF-9F9B-F6A6D75450F6}.GPU|Arm64.Build.0 = Debug|Any CPU
		{F984E8E2-60CC-43EF-9F9B-F6A6D75450F6}.GPU|x64.ActiveCfg = Debug|Any CPU
		{F984E8E2-60CC-43EF-9F9B-F6A6D75450F6}.GPU|x64.Build.0 = Debug|Any CPU
		{F984E8E2-60CC-43EF-9F9B-F6A6D75450F6}.GPU|x86.ActiveCfg = Release|Any CPU
		{F984E8E2-60CC-43EF-9F9B-F6A6D75450F6}.GPU|x86.Build.0 = Release|Any CPU
		{F984E8E2-60CC-43EF-9F9B-F6A6D75450F6}.Release|Any CPU.ActiveCfg = Release|Any CPU
		{F984E8E2-60CC-43EF-9F9B-F6A6D75450F6}.Release|Any CPU.Build.0 = Release|Any CPU
		{F984E8E2-60CC-43EF-9F9B-F6A6D75450F6}.Release|ARM.ActiveCfg = Release|Any CPU
		{F984E8E2-60CC-43EF-9F9B-F6A6D75450F6}.Release|ARM.Build.0 = Release|Any CPU
		{F984E8E2-60CC-43EF-9F9B-F6A6D75450F6}.Release|Arm64.ActiveCfg = Release|Any CPU
		{F984E8E2-60CC-43EF-9F9B-F6A6D75450F6}.Release|Arm64.Build.0 = Release|Any CPU
		{F984E8E2-60CC-43EF-9F9B-F6A6D75450F6}.Release|x64.ActiveCfg = Release|Any CPU
		{F984E8E2-60CC-43EF-9F9B-F6A6D75450F6}.Release|x64.Build.0 = Release|Any CPU
		{F984E8E2-60CC-43EF-9F9B-F6A6D75450F6}.Release|x86.ActiveCfg = Release|Any CPU
		{F984E8E2-60CC-43EF-9F9B-F6A6D75450F6}.Release|x86.Build.0 = Release|Any CPU
		{46200420-6CC0-464C-BE35-6990BDA810CD}.Debug|Any CPU.ActiveCfg = Debug|Any CPU
		{46200420-6CC0-464C-BE35-6990BDA810CD}.Debug|Any CPU.Build.0 = Debug|Any CPU
		{46200420-6CC0-464C-BE35-6990BDA810CD}.Debug|ARM.ActiveCfg = Debug|Any CPU
		{46200420-6CC0-464C-BE35-6990BDA810CD}.Debug|ARM.Build.0 = Debug|Any CPU
		{46200420-6CC0-464C-BE35-6990BDA810CD}.Debug|Arm64.ActiveCfg = Debug|Any CPU
		{46200420-6CC0-464C-BE35-6990BDA810CD}.Debug|Arm64.Build.0 = Debug|Any CPU
		{46200420-6CC0-464C-BE35-6990BDA810CD}.Debug|x64.ActiveCfg = Debug|Any CPU
		{46200420-6CC0-464C-BE35-6990BDA810CD}.Debug|x64.Build.0 = Debug|Any CPU
		{46200420-6CC0-464C-BE35-6990BDA810CD}.Debug|x86.ActiveCfg = Debug|Any CPU
		{46200420-6CC0-464C-BE35-6990BDA810CD}.Debug|x86.Build.0 = Debug|Any CPU
		{46200420-6CC0-464C-BE35-6990BDA810CD}.GPU|Any CPU.ActiveCfg = Debug|Any CPU
		{46200420-6CC0-464C-BE35-6990BDA810CD}.GPU|Any CPU.Build.0 = Debug|Any CPU
		{46200420-6CC0-464C-BE35-6990BDA810CD}.GPU|ARM.ActiveCfg = Release|Any CPU
		{46200420-6CC0-464C-BE35-6990BDA810CD}.GPU|ARM.Build.0 = Release|Any CPU
		{46200420-6CC0-464C-BE35-6990BDA810CD}.GPU|Arm64.ActiveCfg = Debug|Any CPU
		{46200420-6CC0-464C-BE35-6990BDA810CD}.GPU|Arm64.Build.0 = Debug|Any CPU
		{46200420-6CC0-464C-BE35-6990BDA810CD}.GPU|x64.ActiveCfg = Debug|Any CPU
		{46200420-6CC0-464C-BE35-6990BDA810CD}.GPU|x64.Build.0 = Debug|Any CPU
		{46200420-6CC0-464C-BE35-6990BDA810CD}.GPU|x86.ActiveCfg = Release|Any CPU
		{46200420-6CC0-464C-BE35-6990BDA810CD}.GPU|x86.Build.0 = Release|Any CPU
		{46200420-6CC0-464C-BE35-6990BDA810CD}.Release|Any CPU.ActiveCfg = Release|Any CPU
		{46200420-6CC0-464C-BE35-6990BDA810CD}.Release|Any CPU.Build.0 = Release|Any CPU
		{46200420-6CC0-464C-BE35-6990BDA810CD}.Release|ARM.ActiveCfg = Release|Any CPU
		{46200420-6CC0-464C-BE35-6990BDA810CD}.Release|ARM.Build.0 = Release|Any CPU
		{46200420-6CC0-464C-BE35-6990BDA810CD}.Release|Arm64.ActiveCfg = Release|Any CPU
		{46200420-6CC0-464C-BE35-6990BDA810CD}.Release|Arm64.Build.0 = Release|Any CPU
		{46200420-6CC0-464C-BE35-6990BDA810CD}.Release|x64.ActiveCfg = Release|Any CPU
		{46200420-6CC0-464C-BE35-6990BDA810CD}.Release|x64.Build.0 = Release|Any CPU
		{46200420-6CC0-464C-BE35-6990BDA810CD}.Release|x86.ActiveCfg = Release|Any CPU
		{46200420-6CC0-464C-BE35-6990BDA810CD}.Release|x86.Build.0 = Release|Any CPU
		{69BD8C0F-4E73-44FF-9DCD-472E17F495BD}.Debug|Any CPU.ActiveCfg = Debug|Any CPU
		{69BD8C0F-4E73-44FF-9DCD-472E17F495BD}.Debug|Any CPU.Build.0 = Debug|Any CPU
		{69BD8C0F-4E73-44FF-9DCD-472E17F495BD}.Debug|ARM.ActiveCfg = Debug|Any CPU
		{69BD8C0F-4E73-44FF-9DCD-472E17F495BD}.Debug|ARM.Build.0 = Debug|Any CPU
		{69BD8C0F-4E73-44FF-9DCD-472E17F495BD}.Debug|Arm64.ActiveCfg = Debug|Any CPU
		{69BD8C0F-4E73-44FF-9DCD-472E17F495BD}.Debug|Arm64.Build.0 = Debug|Any CPU
		{69BD8C0F-4E73-44FF-9DCD-472E17F495BD}.Debug|x64.ActiveCfg = Debug|Any CPU
		{69BD8C0F-4E73-44FF-9DCD-472E17F495BD}.Debug|x64.Build.0 = Debug|Any CPU
		{69BD8C0F-4E73-44FF-9DCD-472E17F495BD}.Debug|x86.ActiveCfg = Debug|Any CPU
		{69BD8C0F-4E73-44FF-9DCD-472E17F495BD}.Debug|x86.Build.0 = Debug|Any CPU
		{69BD8C0F-4E73-44FF-9DCD-472E17F495BD}.GPU|Any CPU.ActiveCfg = Debug|Any CPU
		{69BD8C0F-4E73-44FF-9DCD-472E17F495BD}.GPU|Any CPU.Build.0 = Debug|Any CPU
		{69BD8C0F-4E73-44FF-9DCD-472E17F495BD}.GPU|ARM.ActiveCfg = Release|Any CPU
		{69BD8C0F-4E73-44FF-9DCD-472E17F495BD}.GPU|ARM.Build.0 = Release|Any CPU
		{69BD8C0F-4E73-44FF-9DCD-472E17F495BD}.GPU|Arm64.ActiveCfg = Debug|Any CPU
		{69BD8C0F-4E73-44FF-9DCD-472E17F495BD}.GPU|Arm64.Build.0 = Debug|Any CPU
		{69BD8C0F-4E73-44FF-9DCD-472E17F495BD}.GPU|x64.ActiveCfg = Debug|Any CPU
		{69BD8C0F-4E73-44FF-9DCD-472E17F495BD}.GPU|x64.Build.0 = Debug|Any CPU
		{69BD8C0F-4E73-44FF-9DCD-472E17F495BD}.GPU|x86.ActiveCfg = Debug|Any CPU
		{69BD8C0F-4E73-44FF-9DCD-472E17F495BD}.GPU|x86.Build.0 = Debug|Any CPU
		{69BD8C0F-4E73-44FF-9DCD-472E17F495BD}.Release|Any CPU.ActiveCfg = Release|Any CPU
		{69BD8C0F-4E73-44FF-9DCD-472E17F495BD}.Release|Any CPU.Build.0 = Release|Any CPU
		{69BD8C0F-4E73-44FF-9DCD-472E17F495BD}.Release|ARM.ActiveCfg = Release|Any CPU
		{69BD8C0F-4E73-44FF-9DCD-472E17F495BD}.Release|ARM.Build.0 = Release|Any CPU
		{69BD8C0F-4E73-44FF-9DCD-472E17F495BD}.Release|Arm64.ActiveCfg = Release|Any CPU
		{69BD8C0F-4E73-44FF-9DCD-472E17F495BD}.Release|Arm64.Build.0 = Release|Any CPU
		{69BD8C0F-4E73-44FF-9DCD-472E17F495BD}.Release|x64.ActiveCfg = Release|Any CPU
		{69BD8C0F-4E73-44FF-9DCD-472E17F495BD}.Release|x64.Build.0 = Release|Any CPU
		{69BD8C0F-4E73-44FF-9DCD-472E17F495BD}.Release|x86.ActiveCfg = Release|Any CPU
		{69BD8C0F-4E73-44FF-9DCD-472E17F495BD}.Release|x86.Build.0 = Release|Any CPU
		{D0B26552-EF37-4864-A2BE-A7D69DEBEF84}.Debug|Any CPU.ActiveCfg = Debug|x64
		{D0B26552-EF37-4864-A2BE-A7D69DEBEF84}.Debug|Any CPU.Build.0 = Debug|x64
		{D0B26552-EF37-4864-A2BE-A7D69DEBEF84}.Debug|ARM.ActiveCfg = Debug|x64
		{D0B26552-EF37-4864-A2BE-A7D69DEBEF84}.Debug|ARM.Build.0 = Debug|x64
		{D0B26552-EF37-4864-A2BE-A7D69DEBEF84}.Debug|Arm64.ActiveCfg = Debug|x64
		{D0B26552-EF37-4864-A2BE-A7D69DEBEF84}.Debug|Arm64.Build.0 = Debug|x64
		{D0B26552-EF37-4864-A2BE-A7D69DEBEF84}.Debug|x64.ActiveCfg = Debug|x64
		{D0B26552-EF37-4864-A2BE-A7D69DEBEF84}.Debug|x64.Build.0 = Debug|x64
		{D0B26552-EF37-4864-A2BE-A7D69DEBEF84}.Debug|x86.ActiveCfg = Debug|x86
		{D0B26552-EF37-4864-A2BE-A7D69DEBEF84}.Debug|x86.Build.0 = Debug|x86
		{D0B26552-EF37-4864-A2BE-A7D69DEBEF84}.GPU|Any CPU.ActiveCfg = Debug|x64
		{D0B26552-EF37-4864-A2BE-A7D69DEBEF84}.GPU|Any CPU.Build.0 = Debug|x64
		{D0B26552-EF37-4864-A2BE-A7D69DEBEF84}.GPU|ARM.ActiveCfg = Release|x64
		{D0B26552-EF37-4864-A2BE-A7D69DEBEF84}.GPU|ARM.Build.0 = Release|x64
		{D0B26552-EF37-4864-A2BE-A7D69DEBEF84}.GPU|Arm64.ActiveCfg = Debug|x64
		{D0B26552-EF37-4864-A2BE-A7D69DEBEF84}.GPU|Arm64.Build.0 = Debug|x64
		{D0B26552-EF37-4864-A2BE-A7D69DEBEF84}.GPU|x64.ActiveCfg = Debug|x64
		{D0B26552-EF37-4864-A2BE-A7D69DEBEF84}.GPU|x64.Build.0 = Debug|x64
		{D0B26552-EF37-4864-A2BE-A7D69DEBEF84}.GPU|x86.ActiveCfg = Debug|x86
		{D0B26552-EF37-4864-A2BE-A7D69DEBEF84}.GPU|x86.Build.0 = Debug|x86
		{D0B26552-EF37-4864-A2BE-A7D69DEBEF84}.Release|Any CPU.ActiveCfg = Release|x64
		{D0B26552-EF37-4864-A2BE-A7D69DEBEF84}.Release|Any CPU.Build.0 = Release|x64
		{D0B26552-EF37-4864-A2BE-A7D69DEBEF84}.Release|ARM.ActiveCfg = Release|x64
		{D0B26552-EF37-4864-A2BE-A7D69DEBEF84}.Release|ARM.Build.0 = Release|x64
		{D0B26552-EF37-4864-A2BE-A7D69DEBEF84}.Release|Arm64.ActiveCfg = Release|x64
		{D0B26552-EF37-4864-A2BE-A7D69DEBEF84}.Release|Arm64.Build.0 = Release|x64
		{D0B26552-EF37-4864-A2BE-A7D69DEBEF84}.Release|x64.ActiveCfg = Release|x64
		{D0B26552-EF37-4864-A2BE-A7D69DEBEF84}.Release|x64.Build.0 = Release|x64
		{D0B26552-EF37-4864-A2BE-A7D69DEBEF84}.Release|x86.ActiveCfg = Release|x86
		{D0B26552-EF37-4864-A2BE-A7D69DEBEF84}.Release|x86.Build.0 = Release|x86
		{F9DBE4C7-172D-4490-9982-FEA1419365E0}.Debug|Any CPU.ActiveCfg = Debug|Any CPU
		{F9DBE4C7-172D-4490-9982-FEA1419365E0}.Debug|Any CPU.Build.0 = Debug|Any CPU
		{F9DBE4C7-172D-4490-9982-FEA1419365E0}.Debug|ARM.ActiveCfg = Debug|Any CPU
		{F9DBE4C7-172D-4490-9982-FEA1419365E0}.Debug|ARM.Build.0 = Debug|Any CPU
		{F9DBE4C7-172D-4490-9982-FEA1419365E0}.Debug|Arm64.ActiveCfg = Debug|Any CPU
		{F9DBE4C7-172D-4490-9982-FEA1419365E0}.Debug|Arm64.Build.0 = Debug|Any CPU
		{F9DBE4C7-172D-4490-9982-FEA1419365E0}.Debug|x64.ActiveCfg = Debug|Any CPU
		{F9DBE4C7-172D-4490-9982-FEA1419365E0}.Debug|x64.Build.0 = Debug|Any CPU
		{F9DBE4C7-172D-4490-9982-FEA1419365E0}.Debug|x86.ActiveCfg = Debug|Any CPU
		{F9DBE4C7-172D-4490-9982-FEA1419365E0}.Debug|x86.Build.0 = Debug|Any CPU
		{F9DBE4C7-172D-4490-9982-FEA1419365E0}.GPU|Any CPU.ActiveCfg = Debug|Any CPU
		{F9DBE4C7-172D-4490-9982-FEA1419365E0}.GPU|Any CPU.Build.0 = Debug|Any CPU
		{F9DBE4C7-172D-4490-9982-FEA1419365E0}.GPU|ARM.ActiveCfg = Release|Any CPU
		{F9DBE4C7-172D-4490-9982-FEA1419365E0}.GPU|ARM.Build.0 = Release|Any CPU
		{F9DBE4C7-172D-4490-9982-FEA1419365E0}.GPU|Arm64.ActiveCfg = Debug|Any CPU
		{F9DBE4C7-172D-4490-9982-FEA1419365E0}.GPU|Arm64.Build.0 = Debug|Any CPU
		{F9DBE4C7-172D-4490-9982-FEA1419365E0}.GPU|x64.ActiveCfg = Debug|Any CPU
		{F9DBE4C7-172D-4490-9982-FEA1419365E0}.GPU|x64.Build.0 = Debug|Any CPU
		{F9DBE4C7-172D-4490-9982-FEA1419365E0}.GPU|x86.ActiveCfg = Debug|Any CPU
		{F9DBE4C7-172D-4490-9982-FEA1419365E0}.GPU|x86.Build.0 = Debug|Any CPU
		{F9DBE4C7-172D-4490-9982-FEA1419365E0}.Release|Any CPU.ActiveCfg = Release|Any CPU
		{F9DBE4C7-172D-4490-9982-FEA1419365E0}.Release|Any CPU.Build.0 = Release|Any CPU
		{F9DBE4C7-172D-4490-9982-FEA1419365E0}.Release|ARM.ActiveCfg = Release|Any CPU
		{F9DBE4C7-172D-4490-9982-FEA1419365E0}.Release|ARM.Build.0 = Release|Any CPU
		{F9DBE4C7-172D-4490-9982-FEA1419365E0}.Release|Arm64.ActiveCfg = Release|Any CPU
		{F9DBE4C7-172D-4490-9982-FEA1419365E0}.Release|Arm64.Build.0 = Release|Any CPU
		{F9DBE4C7-172D-4490-9982-FEA1419365E0}.Release|x64.ActiveCfg = Release|Any CPU
		{F9DBE4C7-172D-4490-9982-FEA1419365E0}.Release|x64.Build.0 = Release|Any CPU
		{F9DBE4C7-172D-4490-9982-FEA1419365E0}.Release|x86.ActiveCfg = Release|Any CPU
		{F9DBE4C7-172D-4490-9982-FEA1419365E0}.Release|x86.Build.0 = Release|Any CPU
		{296D3713-CF98-4050-81C2-A6CCCC2B2A42}.Debug|Any CPU.ActiveCfg = Debug|Any CPU
		{296D3713-CF98-4050-81C2-A6CCCC2B2A42}.Debug|Any CPU.Build.0 = Debug|Any CPU
		{296D3713-CF98-4050-81C2-A6CCCC2B2A42}.Debug|ARM.ActiveCfg = Debug|Any CPU
		{296D3713-CF98-4050-81C2-A6CCCC2B2A42}.Debug|ARM.Build.0 = Debug|Any CPU
		{296D3713-CF98-4050-81C2-A6CCCC2B2A42}.Debug|Arm64.ActiveCfg = Debug|Any CPU
		{296D3713-CF98-4050-81C2-A6CCCC2B2A42}.Debug|Arm64.Build.0 = Debug|Any CPU
		{296D3713-CF98-4050-81C2-A6CCCC2B2A42}.Debug|x64.ActiveCfg = Debug|Any CPU
		{296D3713-CF98-4050-81C2-A6CCCC2B2A42}.Debug|x64.Build.0 = Debug|Any CPU
		{296D3713-CF98-4050-81C2-A6CCCC2B2A42}.Debug|x86.ActiveCfg = Debug|Any CPU
		{296D3713-CF98-4050-81C2-A6CCCC2B2A42}.Debug|x86.Build.0 = Debug|Any CPU
		{296D3713-CF98-4050-81C2-A6CCCC2B2A42}.GPU|Any CPU.ActiveCfg = Debug|Any CPU
		{296D3713-CF98-4050-81C2-A6CCCC2B2A42}.GPU|Any CPU.Build.0 = Debug|Any CPU
		{296D3713-CF98-4050-81C2-A6CCCC2B2A42}.GPU|ARM.ActiveCfg = Release|Any CPU
		{296D3713-CF98-4050-81C2-A6CCCC2B2A42}.GPU|ARM.Build.0 = Release|Any CPU
		{296D3713-CF98-4050-81C2-A6CCCC2B2A42}.GPU|Arm64.ActiveCfg = Debug|Any CPU
		{296D3713-CF98-4050-81C2-A6CCCC2B2A42}.GPU|Arm64.Build.0 = Debug|Any CPU
		{296D3713-CF98-4050-81C2-A6CCCC2B2A42}.GPU|x64.ActiveCfg = Debug|Any CPU
		{296D3713-CF98-4050-81C2-A6CCCC2B2A42}.GPU|x64.Build.0 = Debug|Any CPU
		{296D3713-CF98-4050-81C2-A6CCCC2B2A42}.GPU|x86.ActiveCfg = Debug|Any CPU
		{296D3713-CF98-4050-81C2-A6CCCC2B2A42}.GPU|x86.Build.0 = Debug|Any CPU
		{296D3713-CF98-4050-81C2-A6CCCC2B2A42}.Release|Any CPU.ActiveCfg = Release|Any CPU
		{296D3713-CF98-4050-81C2-A6CCCC2B2A42}.Release|Any CPU.Build.0 = Release|Any CPU
		{296D3713-CF98-4050-81C2-A6CCCC2B2A42}.Release|ARM.ActiveCfg = Release|Any CPU
		{296D3713-CF98-4050-81C2-A6CCCC2B2A42}.Release|ARM.Build.0 = Release|Any CPU
		{296D3713-CF98-4050-81C2-A6CCCC2B2A42}.Release|Arm64.ActiveCfg = Release|Any CPU
		{296D3713-CF98-4050-81C2-A6CCCC2B2A42}.Release|Arm64.Build.0 = Release|Any CPU
		{296D3713-CF98-4050-81C2-A6CCCC2B2A42}.Release|x64.ActiveCfg = Release|Any CPU
		{296D3713-CF98-4050-81C2-A6CCCC2B2A42}.Release|x64.Build.0 = Release|Any CPU
		{296D3713-CF98-4050-81C2-A6CCCC2B2A42}.Release|x86.ActiveCfg = Release|Any CPU
		{296D3713-CF98-4050-81C2-A6CCCC2B2A42}.Release|x86.Build.0 = Release|Any CPU
		{0F081541-4A1A-4EDE-83FF-4BFEE62D8D82}.Debug|Any CPU.ActiveCfg = Debug|x64
		{0F081541-4A1A-4EDE-83FF-4BFEE62D8D82}.Debug|Any CPU.Build.0 = Debug|x64
		{0F081541-4A1A-4EDE-83FF-4BFEE62D8D82}.Debug|Any CPU.Deploy.0 = Debug|x64
		{0F081541-4A1A-4EDE-83FF-4BFEE62D8D82}.Debug|ARM.ActiveCfg = Debug|ARM
		{0F081541-4A1A-4EDE-83FF-4BFEE62D8D82}.Debug|ARM.Build.0 = Debug|ARM
		{0F081541-4A1A-4EDE-83FF-4BFEE62D8D82}.Debug|ARM.Deploy.0 = Debug|ARM
		{0F081541-4A1A-4EDE-83FF-4BFEE62D8D82}.Debug|Arm64.ActiveCfg = Debug|ARM64
		{0F081541-4A1A-4EDE-83FF-4BFEE62D8D82}.Debug|Arm64.Build.0 = Debug|ARM64
		{0F081541-4A1A-4EDE-83FF-4BFEE62D8D82}.Debug|Arm64.Deploy.0 = Debug|ARM64
		{0F081541-4A1A-4EDE-83FF-4BFEE62D8D82}.Debug|x64.ActiveCfg = Debug|x64
		{0F081541-4A1A-4EDE-83FF-4BFEE62D8D82}.Debug|x64.Build.0 = Debug|x64
		{0F081541-4A1A-4EDE-83FF-4BFEE62D8D82}.Debug|x64.Deploy.0 = Debug|x64
		{0F081541-4A1A-4EDE-83FF-4BFEE62D8D82}.Debug|x86.ActiveCfg = Debug|x86
		{0F081541-4A1A-4EDE-83FF-4BFEE62D8D82}.Debug|x86.Build.0 = Debug|x86
		{0F081541-4A1A-4EDE-83FF-4BFEE62D8D82}.Debug|x86.Deploy.0 = Debug|x86
		{0F081541-4A1A-4EDE-83FF-4BFEE62D8D82}.GPU|Any CPU.ActiveCfg = Debug|x64
		{0F081541-4A1A-4EDE-83FF-4BFEE62D8D82}.GPU|Any CPU.Build.0 = Debug|x64
		{0F081541-4A1A-4EDE-83FF-4BFEE62D8D82}.GPU|Any CPU.Deploy.0 = Debug|x64
		{0F081541-4A1A-4EDE-83FF-4BFEE62D8D82}.GPU|ARM.ActiveCfg = Debug|ARM
		{0F081541-4A1A-4EDE-83FF-4BFEE62D8D82}.GPU|ARM.Build.0 = Debug|ARM
		{0F081541-4A1A-4EDE-83FF-4BFEE62D8D82}.GPU|ARM.Deploy.0 = Debug|ARM
		{0F081541-4A1A-4EDE-83FF-4BFEE62D8D82}.GPU|Arm64.ActiveCfg = Debug|ARM64
		{0F081541-4A1A-4EDE-83FF-4BFEE62D8D82}.GPU|Arm64.Build.0 = Debug|ARM64
		{0F081541-4A1A-4EDE-83FF-4BFEE62D8D82}.GPU|Arm64.Deploy.0 = Debug|ARM64
		{0F081541-4A1A-4EDE-83FF-4BFEE62D8D82}.GPU|x64.ActiveCfg = Debug|x64
		{0F081541-4A1A-4EDE-83FF-4BFEE62D8D82}.GPU|x64.Build.0 = Debug|x64
		{0F081541-4A1A-4EDE-83FF-4BFEE62D8D82}.GPU|x64.Deploy.0 = Debug|x64
		{0F081541-4A1A-4EDE-83FF-4BFEE62D8D82}.GPU|x86.ActiveCfg = Debug|x86
		{0F081541-4A1A-4EDE-83FF-4BFEE62D8D82}.GPU|x86.Build.0 = Debug|x86
		{0F081541-4A1A-4EDE-83FF-4BFEE62D8D82}.GPU|x86.Deploy.0 = Debug|x86
		{0F081541-4A1A-4EDE-83FF-4BFEE62D8D82}.Release|Any CPU.ActiveCfg = Release|x64
		{0F081541-4A1A-4EDE-83FF-4BFEE62D8D82}.Release|Any CPU.Build.0 = Release|x64
		{0F081541-4A1A-4EDE-83FF-4BFEE62D8D82}.Release|Any CPU.Deploy.0 = Release|x64
		{0F081541-4A1A-4EDE-83FF-4BFEE62D8D82}.Release|ARM.ActiveCfg = Release|ARM
		{0F081541-4A1A-4EDE-83FF-4BFEE62D8D82}.Release|ARM.Build.0 = Release|ARM
		{0F081541-4A1A-4EDE-83FF-4BFEE62D8D82}.Release|ARM.Deploy.0 = Release|ARM
		{0F081541-4A1A-4EDE-83FF-4BFEE62D8D82}.Release|Arm64.ActiveCfg = Release|ARM64
		{0F081541-4A1A-4EDE-83FF-4BFEE62D8D82}.Release|Arm64.Build.0 = Release|ARM64
		{0F081541-4A1A-4EDE-83FF-4BFEE62D8D82}.Release|Arm64.Deploy.0 = Release|ARM64
		{0F081541-4A1A-4EDE-83FF-4BFEE62D8D82}.Release|x64.ActiveCfg = Release|x64
		{0F081541-4A1A-4EDE-83FF-4BFEE62D8D82}.Release|x64.Build.0 = Release|x64
		{0F081541-4A1A-4EDE-83FF-4BFEE62D8D82}.Release|x64.Deploy.0 = Release|x64
		{0F081541-4A1A-4EDE-83FF-4BFEE62D8D82}.Release|x86.ActiveCfg = Release|x86
		{0F081541-4A1A-4EDE-83FF-4BFEE62D8D82}.Release|x86.Build.0 = Release|x86
		{0F081541-4A1A-4EDE-83FF-4BFEE62D8D82}.Release|x86.Deploy.0 = Release|x86
		{03A2AE7B-7897-42C5-881A-668B49AF4F37}.Debug|Any CPU.ActiveCfg = Debug|Any CPU
		{03A2AE7B-7897-42C5-881A-668B49AF4F37}.Debug|Any CPU.Build.0 = Debug|Any CPU
		{03A2AE7B-7897-42C5-881A-668B49AF4F37}.Debug|ARM.ActiveCfg = Debug|Any CPU
		{03A2AE7B-7897-42C5-881A-668B49AF4F37}.Debug|ARM.Build.0 = Debug|Any CPU
		{03A2AE7B-7897-42C5-881A-668B49AF4F37}.Debug|Arm64.ActiveCfg = Debug|Any CPU
		{03A2AE7B-7897-42C5-881A-668B49AF4F37}.Debug|Arm64.Build.0 = Debug|Any CPU
		{03A2AE7B-7897-42C5-881A-668B49AF4F37}.Debug|x64.ActiveCfg = Debug|Any CPU
		{03A2AE7B-7897-42C5-881A-668B49AF4F37}.Debug|x64.Build.0 = Debug|Any CPU
		{03A2AE7B-7897-42C5-881A-668B49AF4F37}.Debug|x86.ActiveCfg = Debug|Any CPU
		{03A2AE7B-7897-42C5-881A-668B49AF4F37}.Debug|x86.Build.0 = Debug|Any CPU
		{03A2AE7B-7897-42C5-881A-668B49AF4F37}.GPU|Any CPU.ActiveCfg = Debug|Any CPU
		{03A2AE7B-7897-42C5-881A-668B49AF4F37}.GPU|Any CPU.Build.0 = Debug|Any CPU
		{03A2AE7B-7897-42C5-881A-668B49AF4F37}.GPU|ARM.ActiveCfg = Debug|Any CPU
		{03A2AE7B-7897-42C5-881A-668B49AF4F37}.GPU|ARM.Build.0 = Debug|Any CPU
		{03A2AE7B-7897-42C5-881A-668B49AF4F37}.GPU|Arm64.ActiveCfg = Debug|Any CPU
		{03A2AE7B-7897-42C5-881A-668B49AF4F37}.GPU|Arm64.Build.0 = Debug|Any CPU
		{03A2AE7B-7897-42C5-881A-668B49AF4F37}.GPU|x64.ActiveCfg = Debug|Any CPU
		{03A2AE7B-7897-42C5-881A-668B49AF4F37}.GPU|x64.Build.0 = Debug|Any CPU
		{03A2AE7B-7897-42C5-881A-668B49AF4F37}.GPU|x86.ActiveCfg = Debug|Any CPU
		{03A2AE7B-7897-42C5-881A-668B49AF4F37}.GPU|x86.Build.0 = Debug|Any CPU
		{03A2AE7B-7897-42C5-881A-668B49AF4F37}.Release|Any CPU.ActiveCfg = Release|Any CPU
		{03A2AE7B-7897-42C5-881A-668B49AF4F37}.Release|Any CPU.Build.0 = Release|Any CPU
		{03A2AE7B-7897-42C5-881A-668B49AF4F37}.Release|ARM.ActiveCfg = Release|Any CPU
		{03A2AE7B-7897-42C5-881A-668B49AF4F37}.Release|ARM.Build.0 = Release|Any CPU
		{03A2AE7B-7897-42C5-881A-668B49AF4F37}.Release|Arm64.ActiveCfg = Release|Any CPU
		{03A2AE7B-7897-42C5-881A-668B49AF4F37}.Release|Arm64.Build.0 = Release|Any CPU
		{03A2AE7B-7897-42C5-881A-668B49AF4F37}.Release|x64.ActiveCfg = Release|Any CPU
		{03A2AE7B-7897-42C5-881A-668B49AF4F37}.Release|x64.Build.0 = Release|Any CPU
		{03A2AE7B-7897-42C5-881A-668B49AF4F37}.Release|x86.ActiveCfg = Release|Any CPU
		{03A2AE7B-7897-42C5-881A-668B49AF4F37}.Release|x86.Build.0 = Release|Any CPU
		{E73DEB4C-4BAE-4263-876F-63AD10ED6B53}.Debug|Any CPU.ActiveCfg = Debug|Any CPU
		{E73DEB4C-4BAE-4263-876F-63AD10ED6B53}.Debug|Any CPU.Build.0 = Debug|Any CPU
		{E73DEB4C-4BAE-4263-876F-63AD10ED6B53}.Debug|ARM.ActiveCfg = Debug|Any CPU
		{E73DEB4C-4BAE-4263-876F-63AD10ED6B53}.Debug|ARM.Build.0 = Debug|Any CPU
		{E73DEB4C-4BAE-4263-876F-63AD10ED6B53}.Debug|Arm64.ActiveCfg = Debug|Any CPU
		{E73DEB4C-4BAE-4263-876F-63AD10ED6B53}.Debug|Arm64.Build.0 = Debug|Any CPU
		{E73DEB4C-4BAE-4263-876F-63AD10ED6B53}.Debug|x64.ActiveCfg = Debug|Any CPU
		{E73DEB4C-4BAE-4263-876F-63AD10ED6B53}.Debug|x64.Build.0 = Debug|Any CPU
		{E73DEB4C-4BAE-4263-876F-63AD10ED6B53}.Debug|x86.ActiveCfg = Debug|Any CPU
		{E73DEB4C-4BAE-4263-876F-63AD10ED6B53}.Debug|x86.Build.0 = Debug|Any CPU
		{E73DEB4C-4BAE-4263-876F-63AD10ED6B53}.GPU|Any CPU.ActiveCfg = Debug|Any CPU
		{E73DEB4C-4BAE-4263-876F-63AD10ED6B53}.GPU|Any CPU.Build.0 = Debug|Any CPU
		{E73DEB4C-4BAE-4263-876F-63AD10ED6B53}.GPU|ARM.ActiveCfg = Debug|Any CPU
		{E73DEB4C-4BAE-4263-876F-63AD10ED6B53}.GPU|ARM.Build.0 = Debug|Any CPU
		{E73DEB4C-4BAE-4263-876F-63AD10ED6B53}.GPU|Arm64.ActiveCfg = Debug|Any CPU
		{E73DEB4C-4BAE-4263-876F-63AD10ED6B53}.GPU|Arm64.Build.0 = Debug|Any CPU
		{E73DEB4C-4BAE-4263-876F-63AD10ED6B53}.GPU|x64.ActiveCfg = Debug|Any CPU
		{E73DEB4C-4BAE-4263-876F-63AD10ED6B53}.GPU|x64.Build.0 = Debug|Any CPU
		{E73DEB4C-4BAE-4263-876F-63AD10ED6B53}.GPU|x86.ActiveCfg = Debug|Any CPU
		{E73DEB4C-4BAE-4263-876F-63AD10ED6B53}.GPU|x86.Build.0 = Debug|Any CPU
		{E73DEB4C-4BAE-4263-876F-63AD10ED6B53}.Release|Any CPU.ActiveCfg = Release|Any CPU
		{E73DEB4C-4BAE-4263-876F-63AD10ED6B53}.Release|Any CPU.Build.0 = Release|Any CPU
		{E73DEB4C-4BAE-4263-876F-63AD10ED6B53}.Release|ARM.ActiveCfg = Release|Any CPU
		{E73DEB4C-4BAE-4263-876F-63AD10ED6B53}.Release|ARM.Build.0 = Release|Any CPU
		{E73DEB4C-4BAE-4263-876F-63AD10ED6B53}.Release|Arm64.ActiveCfg = Release|Any CPU
		{E73DEB4C-4BAE-4263-876F-63AD10ED6B53}.Release|Arm64.Build.0 = Release|Any CPU
		{E73DEB4C-4BAE-4263-876F-63AD10ED6B53}.Release|x64.ActiveCfg = Release|Any CPU
		{E73DEB4C-4BAE-4263-876F-63AD10ED6B53}.Release|x64.Build.0 = Release|Any CPU
		{E73DEB4C-4BAE-4263-876F-63AD10ED6B53}.Release|x86.ActiveCfg = Release|Any CPU
		{E73DEB4C-4BAE-4263-876F-63AD10ED6B53}.Release|x86.Build.0 = Release|Any CPU
		{B4CB674B-30DB-4C2C-9FF6-B86EB69C75B1}.Debug|Any CPU.ActiveCfg = Debug|Any CPU
		{B4CB674B-30DB-4C2C-9FF6-B86EB69C75B1}.Debug|Any CPU.Build.0 = Debug|Any CPU
		{B4CB674B-30DB-4C2C-9FF6-B86EB69C75B1}.Debug|ARM.ActiveCfg = Debug|Any CPU
		{B4CB674B-30DB-4C2C-9FF6-B86EB69C75B1}.Debug|ARM.Build.0 = Debug|Any CPU
		{B4CB674B-30DB-4C2C-9FF6-B86EB69C75B1}.Debug|Arm64.ActiveCfg = Debug|Any CPU
		{B4CB674B-30DB-4C2C-9FF6-B86EB69C75B1}.Debug|Arm64.Build.0 = Debug|Any CPU
		{B4CB674B-30DB-4C2C-9FF6-B86EB69C75B1}.Debug|x64.ActiveCfg = Debug|Any CPU
		{B4CB674B-30DB-4C2C-9FF6-B86EB69C75B1}.Debug|x64.Build.0 = Debug|Any CPU
		{B4CB674B-30DB-4C2C-9FF6-B86EB69C75B1}.Debug|x86.ActiveCfg = Debug|Any CPU
		{B4CB674B-30DB-4C2C-9FF6-B86EB69C75B1}.Debug|x86.Build.0 = Debug|Any CPU
		{B4CB674B-30DB-4C2C-9FF6-B86EB69C75B1}.GPU|Any CPU.ActiveCfg = Debug|Any CPU
		{B4CB674B-30DB-4C2C-9FF6-B86EB69C75B1}.GPU|Any CPU.Build.0 = Debug|Any CPU
		{B4CB674B-30DB-4C2C-9FF6-B86EB69C75B1}.GPU|ARM.ActiveCfg = Debug|Any CPU
		{B4CB674B-30DB-4C2C-9FF6-B86EB69C75B1}.GPU|ARM.Build.0 = Debug|Any CPU
		{B4CB674B-30DB-4C2C-9FF6-B86EB69C75B1}.GPU|Arm64.ActiveCfg = Debug|Any CPU
		{B4CB674B-30DB-4C2C-9FF6-B86EB69C75B1}.GPU|Arm64.Build.0 = Debug|Any CPU
		{B4CB674B-30DB-4C2C-9FF6-B86EB69C75B1}.GPU|x64.ActiveCfg = Debug|Any CPU
		{B4CB674B-30DB-4C2C-9FF6-B86EB69C75B1}.GPU|x64.Build.0 = Debug|Any CPU
		{B4CB674B-30DB-4C2C-9FF6-B86EB69C75B1}.GPU|x86.ActiveCfg = Debug|Any CPU
		{B4CB674B-30DB-4C2C-9FF6-B86EB69C75B1}.GPU|x86.Build.0 = Debug|Any CPU
		{B4CB674B-30DB-4C2C-9FF6-B86EB69C75B1}.Release|Any CPU.ActiveCfg = Release|Any CPU
		{B4CB674B-30DB-4C2C-9FF6-B86EB69C75B1}.Release|Any CPU.Build.0 = Release|Any CPU
		{B4CB674B-30DB-4C2C-9FF6-B86EB69C75B1}.Release|ARM.ActiveCfg = Release|Any CPU
		{B4CB674B-30DB-4C2C-9FF6-B86EB69C75B1}.Release|ARM.Build.0 = Release|Any CPU
		{B4CB674B-30DB-4C2C-9FF6-B86EB69C75B1}.Release|Arm64.ActiveCfg = Release|Any CPU
		{B4CB674B-30DB-4C2C-9FF6-B86EB69C75B1}.Release|Arm64.Build.0 = Release|Any CPU
		{B4CB674B-30DB-4C2C-9FF6-B86EB69C75B1}.Release|x64.ActiveCfg = Release|Any CPU
		{B4CB674B-30DB-4C2C-9FF6-B86EB69C75B1}.Release|x64.Build.0 = Release|Any CPU
		{B4CB674B-30DB-4C2C-9FF6-B86EB69C75B1}.Release|x86.ActiveCfg = Release|Any CPU
		{B4CB674B-30DB-4C2C-9FF6-B86EB69C75B1}.Release|x86.Build.0 = Release|Any CPU
		{07B739F0-5420-4404-9851-FD029C875152}.Debug|Any CPU.ActiveCfg = Debug|Any CPU
		{07B739F0-5420-4404-9851-FD029C875152}.Debug|Any CPU.Build.0 = Debug|Any CPU
		{07B739F0-5420-4404-9851-FD029C875152}.Debug|ARM.ActiveCfg = Debug|Any CPU
		{07B739F0-5420-4404-9851-FD029C875152}.Debug|ARM.Build.0 = Debug|Any CPU
		{07B739F0-5420-4404-9851-FD029C875152}.Debug|Arm64.ActiveCfg = Debug|Any CPU
		{07B739F0-5420-4404-9851-FD029C875152}.Debug|Arm64.Build.0 = Debug|Any CPU
		{07B739F0-5420-4404-9851-FD029C875152}.Debug|x64.ActiveCfg = Debug|Any CPU
		{07B739F0-5420-4404-9851-FD029C875152}.Debug|x64.Build.0 = Debug|Any CPU
		{07B739F0-5420-4404-9851-FD029C875152}.Debug|x86.ActiveCfg = Debug|Any CPU
		{07B739F0-5420-4404-9851-FD029C875152}.Debug|x86.Build.0 = Debug|Any CPU
		{07B739F0-5420-4404-9851-FD029C875152}.GPU|Any CPU.ActiveCfg = Debug|Any CPU
		{07B739F0-5420-4404-9851-FD029C875152}.GPU|Any CPU.Build.0 = Debug|Any CPU
		{07B739F0-5420-4404-9851-FD029C875152}.GPU|ARM.ActiveCfg = Debug|Any CPU
		{07B739F0-5420-4404-9851-FD029C875152}.GPU|ARM.Build.0 = Debug|Any CPU
		{07B739F0-5420-4404-9851-FD029C875152}.GPU|Arm64.ActiveCfg = Debug|Any CPU
		{07B739F0-5420-4404-9851-FD029C875152}.GPU|Arm64.Build.0 = Debug|Any CPU
		{07B739F0-5420-4404-9851-FD029C875152}.GPU|x64.ActiveCfg = Debug|Any CPU
		{07B739F0-5420-4404-9851-FD029C875152}.GPU|x64.Build.0 = Debug|Any CPU
		{07B739F0-5420-4404-9851-FD029C875152}.GPU|x86.ActiveCfg = Debug|Any CPU
		{07B739F0-5420-4404-9851-FD029C875152}.GPU|x86.Build.0 = Debug|Any CPU
		{07B739F0-5420-4404-9851-FD029C875152}.Release|Any CPU.ActiveCfg = Release|Any CPU
		{07B739F0-5420-4404-9851-FD029C875152}.Release|Any CPU.Build.0 = Release|Any CPU
		{07B739F0-5420-4404-9851-FD029C875152}.Release|ARM.ActiveCfg = Release|Any CPU
		{07B739F0-5420-4404-9851-FD029C875152}.Release|ARM.Build.0 = Release|Any CPU
		{07B739F0-5420-4404-9851-FD029C875152}.Release|Arm64.ActiveCfg = Release|Any CPU
		{07B739F0-5420-4404-9851-FD029C875152}.Release|Arm64.Build.0 = Release|Any CPU
		{07B739F0-5420-4404-9851-FD029C875152}.Release|x64.ActiveCfg = Release|Any CPU
		{07B739F0-5420-4404-9851-FD029C875152}.Release|x64.Build.0 = Release|Any CPU
		{07B739F0-5420-4404-9851-FD029C875152}.Release|x86.ActiveCfg = Release|Any CPU
		{07B739F0-5420-4404-9851-FD029C875152}.Release|x86.Build.0 = Release|Any CPU
	EndGlobalSection
	GlobalSection(SolutionProperties) = preSolution
		HideSolutionNode = FALSE
	EndGlobalSection
	GlobalSection(ExtensibilityGlobals) = postSolution
		SolutionGuid = {D8FBC07C-1F74-49D3-B2D5-65467BA60EA1}
	EndGlobalSection
EndGlobal
