
Microsoft Visual Studio Solution File, Format Version 12.00
# Visual Studio Version 17
VisualStudioVersion = 17.7.34221.43
MinimumVisualStudioVersion = 10.0.40219.1
Project("{9A19103F-16F7-4668-BE54-9A1E7A4F7556}") = "AI.Labs.Module", "AI.Labs.Module\AI.Labs.Module.csproj", "{0DDCC474-1BCA-4612-89A9-01DD74B4FF92}"
EndProject
Project("{9A19103F-16F7-4668-BE54-9A1E7A4F7556}") = "AI.Labs.Win", "AI.Labs.Win\AI.Labs.Win.csproj", "{A5CA68D2-D47E-4DFC-BEA1-8B9AEA743F70}"
EndProject
Project("{9A19103F-16F7-4668-BE54-9A1E7A4F7556}") = "AI.Labs.Blazor.Server", "AI.Labs.Blazor.Server\AI.Labs.Blazor.Server.csproj", "{EF174C88-E82A-4FCC-9980-F0555FF75D2E}"
EndProject
Project("{9A19103F-16F7-4668-BE54-9A1E7A4F7556}") = "STT", "STT\STT.csproj", "{C6A43183-2387-4A6C-8B34-0B8C186E0435}"
EndProject
Project("{9A19103F-16F7-4668-BE54-9A1E7A4F7556}") = "WhisperNet", "WhisperNet\WhisperNet.csproj", "{618391F7-12DD-4728-B2E1-F43342035E6F}"
EndProject
Project("{9A19103F-16F7-4668-BE54-9A1E7A4F7556}") = "Edge_tts_sharp", "Edge_tts_sharp\Edge_tts_sharp.csproj", "{F53204BB-85CC-4B19-A7D2-3A26980A4C4B}"
EndProject
Project("{2150E333-8FDC-42A3-9474-1A3956D46DE8}") = "Solution Items", "Solution Items", "{B1E5E805-C7BE-4DB2-8775-2546AEFFDCC8}"
	ProjectSection(SolutionItems) = preProject
		.editorconfig = .editorconfig
		VideoScript.csx = VideoScript.csx
		小约翰写作方法素材整理.xlsx = 小约翰写作方法素材整理.xlsx
	EndProjectSection
EndProject
Project("{9A19103F-16F7-4668-BE54-9A1E7A4F7556}") = "Pinyin4net", "Pinyin4net\Pinyin4net.csproj", "{35922882-85B8-4745-936D-C76505ED00A5}"
EndProject
Project("{9A19103F-16F7-4668-BE54-9A1E7A4F7556}") = "STT.Utils", "STT.Utils\STT.Utils.csproj", "{F82AF90D-B8ED-4214-9B5F-D7938E4DE9D0}"
EndProject
Project("{9A19103F-16F7-4668-BE54-9A1E7A4F7556}") = "WebSocketSharp", "WebSocketSharp\WebSocketSharp\WebSocketSharp.csproj", "{FDBF4383-4425-4DE0-B250-BF7E0481B946}"
EndProject
Project("{2150E333-8FDC-42A3-9474-1A3956D46DE8}") = "AutoGen", "AutoGen", "{E5A6F504-2AFE-4C7D-BC31-0C453BA682F7}"
EndProject
Project("{9A19103F-16F7-4668-BE54-9A1E7A4F7556}") = "SplitJS", "RpgMakerMZ.JS.Split\SplitJS.csproj", "{75896E8C-6AB9-4F8B-96E9-9254B5791CE2}"
EndProject
Project("{9A19103F-16F7-4668-BE54-9A1E7A4F7556}") = "RpgMaker", "RpgMaker\RpgMaker.csproj", "{7AA0970F-AE89-4DCA-A299-384BFC564886}"
EndProject
Global
	GlobalSection(SolutionConfigurationPlatforms) = preSolution
		Debug|Any CPU = Debug|Any CPU
		Debug|ARM = Debug|ARM
		Debug|Arm64 = Debug|Arm64
		Debug|x64 = Debug|x64
		Debug|x86 = Debug|x86
		EasyTest|Any CPU = EasyTest|Any CPU
		EasyTest|ARM = EasyTest|ARM
		EasyTest|Arm64 = EasyTest|Arm64
		EasyTest|x64 = EasyTest|x64
		EasyTest|x86 = EasyTest|x86
		GPU|Any CPU = GPU|Any CPU
		GPU|ARM = GPU|ARM
		GPU|Arm64 = GPU|Arm64
		GPU|x64 = GPU|x64
		GPU|x86 = GPU|x86
		Release|Any CPU = Release|Any CPU
		Release|ARM = Release|ARM
		Release|Arm64 = Release|Arm64
		Release|x64 = Release|x64
		Release|x86 = Release|x86
	EndGlobalSection
	GlobalSection(ProjectConfigurationPlatforms) = postSolution
		{0DDCC474-1BCA-4612-89A9-01DD74B4FF92}.Debug|Any CPU.ActiveCfg = Debug|Any CPU
		{0DDCC474-1BCA-4612-89A9-01DD74B4FF92}.Debug|Any CPU.Build.0 = Debug|Any CPU
		{0DDCC474-1BCA-4612-89A9-01DD74B4FF92}.Debug|ARM.ActiveCfg = Debug|Any CPU
		{0DDCC474-1BCA-4612-89A9-01DD74B4FF92}.Debug|ARM.Build.0 = Debug|Any CPU
		{0DDCC474-1BCA-4612-89A9-01DD74B4FF92}.Debug|Arm64.ActiveCfg = Debug|Any CPU
		{0DDCC474-1BCA-4612-89A9-01DD74B4FF92}.Debug|Arm64.Build.0 = Debug|Any CPU
		{0DDCC474-1BCA-4612-89A9-01DD74B4FF92}.Debug|x64.ActiveCfg = Debug|x64
		{0DDCC474-1BCA-4612-89A9-01DD74B4FF92}.Debug|x64.Build.0 = Debug|x64
		{0DDCC474-1BCA-4612-89A9-01DD74B4FF92}.Debug|x86.ActiveCfg = Debug|Any CPU
		{0DDCC474-1BCA-4612-89A9-01DD74B4FF92}.Debug|x86.Build.0 = Debug|Any CPU
		{0DDCC474-1BCA-4612-89A9-01DD74B4FF92}.EasyTest|Any CPU.ActiveCfg = EasyTest|Any CPU
		{0DDCC474-1BCA-4612-89A9-01DD74B4FF92}.EasyTest|Any CPU.Build.0 = EasyTest|Any CPU
		{0DDCC474-1BCA-4612-89A9-01DD74B4FF92}.EasyTest|ARM.ActiveCfg = EasyTest|Any CPU
		{0DDCC474-1BCA-4612-89A9-01DD74B4FF92}.EasyTest|ARM.Build.0 = EasyTest|Any CPU
		{0DDCC474-1BCA-4612-89A9-01DD74B4FF92}.EasyTest|Arm64.ActiveCfg = EasyTest|Any CPU
		{0DDCC474-1BCA-4612-89A9-01DD74B4FF92}.EasyTest|Arm64.Build.0 = EasyTest|Any CPU
		{0DDCC474-1BCA-4612-89A9-01DD74B4FF92}.EasyTest|x64.ActiveCfg = EasyTest|x64
		{0DDCC474-1BCA-4612-89A9-01DD74B4FF92}.EasyTest|x64.Build.0 = EasyTest|x64
		{0DDCC474-1BCA-4612-89A9-01DD74B4FF92}.EasyTest|x86.ActiveCfg = EasyTest|Any CPU
		{0DDCC474-1BCA-4612-89A9-01DD74B4FF92}.EasyTest|x86.Build.0 = EasyTest|Any CPU
		{0DDCC474-1BCA-4612-89A9-01DD74B4FF92}.GPU|Any CPU.ActiveCfg = EasyTest|Any CPU
		{0DDCC474-1BCA-4612-89A9-01DD74B4FF92}.GPU|Any CPU.Build.0 = EasyTest|Any CPU
		{0DDCC474-1BCA-4612-89A9-01DD74B4FF92}.GPU|ARM.ActiveCfg = Release|Any CPU
		{0DDCC474-1BCA-4612-89A9-01DD74B4FF92}.GPU|ARM.Build.0 = Release|Any CPU
		{0DDCC474-1BCA-4612-89A9-01DD74B4FF92}.GPU|Arm64.ActiveCfg = EasyTest|Any CPU
		{0DDCC474-1BCA-4612-89A9-01DD74B4FF92}.GPU|Arm64.Build.0 = EasyTest|Any CPU
		{0DDCC474-1BCA-4612-89A9-01DD74B4FF92}.GPU|x64.ActiveCfg = Debug|x64
		{0DDCC474-1BCA-4612-89A9-01DD74B4FF92}.GPU|x64.Build.0 = Debug|x64
		{0DDCC474-1BCA-4612-89A9-01DD74B4FF92}.GPU|x86.ActiveCfg = NewDebug|Any CPU
		{0DDCC474-1BCA-4612-89A9-01DD74B4FF92}.GPU|x86.Build.0 = NewDebug|Any CPU
		{0DDCC474-1BCA-4612-89A9-01DD74B4FF92}.Release|Any CPU.ActiveCfg = Release|Any CPU
		{0DDCC474-1BCA-4612-89A9-01DD74B4FF92}.Release|Any CPU.Build.0 = Release|Any CPU
		{0DDCC474-1BCA-4612-89A9-01DD74B4FF92}.Release|ARM.ActiveCfg = Release|Any CPU
		{0DDCC474-1BCA-4612-89A9-01DD74B4FF92}.Release|ARM.Build.0 = Release|Any CPU
		{0DDCC474-1BCA-4612-89A9-01DD74B4FF92}.Release|Arm64.ActiveCfg = Release|Any CPU
		{0DDCC474-1BCA-4612-89A9-01DD74B4FF92}.Release|Arm64.Build.0 = Release|Any CPU
		{0DDCC474-1BCA-4612-89A9-01DD74B4FF92}.Release|x64.ActiveCfg = Release|x64
		{0DDCC474-1BCA-4612-89A9-01DD74B4FF92}.Release|x64.Build.0 = Release|x64
		{0DDCC474-1BCA-4612-89A9-01DD74B4FF92}.Release|x86.ActiveCfg = Release|Any CPU
		{0DDCC474-1BCA-4612-89A9-01DD74B4FF92}.Release|x86.Build.0 = Release|Any CPU
		{A5CA68D2-D47E-4DFC-BEA1-8B9AEA743F70}.Debug|Any CPU.ActiveCfg = Debug|Any CPU
		{A5CA68D2-D47E-4DFC-BEA1-8B9AEA743F70}.Debug|Any CPU.Build.0 = Debug|Any CPU
		{A5CA68D2-D47E-4DFC-BEA1-8B9AEA743F70}.Debug|ARM.ActiveCfg = Debug|Any CPU
		{A5CA68D2-D47E-4DFC-BEA1-8B9AEA743F70}.Debug|ARM.Build.0 = Debug|Any CPU
		{A5CA68D2-D47E-4DFC-BEA1-8B9AEA743F70}.Debug|Arm64.ActiveCfg = Debug|Any CPU
		{A5CA68D2-D47E-4DFC-BEA1-8B9AEA743F70}.Debug|Arm64.Build.0 = Debug|Any CPU
		{A5CA68D2-D47E-4DFC-BEA1-8B9AEA743F70}.Debug|x64.ActiveCfg = Debug|x64
		{A5CA68D2-D47E-4DFC-BEA1-8B9AEA743F70}.Debug|x64.Build.0 = Debug|x64
		{A5CA68D2-D47E-4DFC-BEA1-8B9AEA743F70}.Debug|x86.ActiveCfg = Debug|Any CPU
		{A5CA68D2-D47E-4DFC-BEA1-8B9AEA743F70}.Debug|x86.Build.0 = Debug|Any CPU
		{A5CA68D2-D47E-4DFC-BEA1-8B9AEA743F70}.EasyTest|Any CPU.ActiveCfg = EasyTest|Any CPU
		{A5CA68D2-D47E-4DFC-BEA1-8B9AEA743F70}.EasyTest|Any CPU.Build.0 = EasyTest|Any CPU
		{A5CA68D2-D47E-4DFC-BEA1-8B9AEA743F70}.EasyTest|ARM.ActiveCfg = EasyTest|Any CPU
		{A5CA68D2-D47E-4DFC-BEA1-8B9AEA743F70}.EasyTest|ARM.Build.0 = EasyTest|Any CPU
		{A5CA68D2-D47E-4DFC-BEA1-8B9AEA743F70}.EasyTest|Arm64.ActiveCfg = EasyTest|Any CPU
		{A5CA68D2-D47E-4DFC-BEA1-8B9AEA743F70}.EasyTest|Arm64.Build.0 = EasyTest|Any CPU
		{A5CA68D2-D47E-4DFC-BEA1-8B9AEA743F70}.EasyTest|x64.ActiveCfg = EasyTest|x64
		{A5CA68D2-D47E-4DFC-BEA1-8B9AEA743F70}.EasyTest|x64.Build.0 = EasyTest|x64
		{A5CA68D2-D47E-4DFC-BEA1-8B9AEA743F70}.EasyTest|x86.ActiveCfg = EasyTest|Any CPU
		{A5CA68D2-D47E-4DFC-BEA1-8B9AEA743F70}.EasyTest|x86.Build.0 = EasyTest|Any CPU
		{A5CA68D2-D47E-4DFC-BEA1-8B9AEA743F70}.GPU|Any CPU.ActiveCfg = EasyTest|Any CPU
		{A5CA68D2-D47E-4DFC-BEA1-8B9AEA743F70}.GPU|Any CPU.Build.0 = EasyTest|Any CPU
		{A5CA68D2-D47E-4DFC-BEA1-8B9AEA743F70}.GPU|ARM.ActiveCfg = Release|Any CPU
		{A5CA68D2-D47E-4DFC-BEA1-8B9AEA743F70}.GPU|ARM.Build.0 = Release|Any CPU
		{A5CA68D2-D47E-4DFC-BEA1-8B9AEA743F70}.GPU|Arm64.ActiveCfg = EasyTest|Any CPU
		{A5CA68D2-D47E-4DFC-BEA1-8B9AEA743F70}.GPU|Arm64.Build.0 = EasyTest|Any CPU
		{A5CA68D2-D47E-4DFC-BEA1-8B9AEA743F70}.GPU|x64.ActiveCfg = Debug|x64
		{A5CA68D2-D47E-4DFC-BEA1-8B9AEA743F70}.GPU|x64.Build.0 = Debug|x64
		{A5CA68D2-D47E-4DFC-BEA1-8B9AEA743F70}.GPU|x86.ActiveCfg = NewDebug|Any CPU
		{A5CA68D2-D47E-4DFC-BEA1-8B9AEA743F70}.GPU|x86.Build.0 = NewDebug|Any CPU
		{A5CA68D2-D47E-4DFC-BEA1-8B9AEA743F70}.Release|Any CPU.ActiveCfg = Release|Any CPU
		{A5CA68D2-D47E-4DFC-BEA1-8B9AEA743F70}.Release|Any CPU.Build.0 = Release|Any CPU
		{A5CA68D2-D47E-4DFC-BEA1-8B9AEA743F70}.Release|ARM.ActiveCfg = Release|Any CPU
		{A5CA68D2-D47E-4DFC-BEA1-8B9AEA743F70}.Release|ARM.Build.0 = Release|Any CPU
		{A5CA68D2-D47E-4DFC-BEA1-8B9AEA743F70}.Release|Arm64.ActiveCfg = Release|Any CPU
		{A5CA68D2-D47E-4DFC-BEA1-8B9AEA743F70}.Release|Arm64.Build.0 = Release|Any CPU
		{A5CA68D2-D47E-4DFC-BEA1-8B9AEA743F70}.Release|x64.ActiveCfg = Release|x64
		{A5CA68D2-D47E-4DFC-BEA1-8B9AEA743F70}.Release|x64.Build.0 = Release|x64
		{A5CA68D2-D47E-4DFC-BEA1-8B9AEA743F70}.Release|x86.ActiveCfg = Release|Any CPU
		{A5CA68D2-D47E-4DFC-BEA1-8B9AEA743F70}.Release|x86.Build.0 = Release|Any CPU
		{EF174C88-E82A-4FCC-9980-F0555FF75D2E}.Debug|Any CPU.ActiveCfg = Debug|Any CPU
		{EF174C88-E82A-4FCC-9980-F0555FF75D2E}.Debug|Any CPU.Build.0 = Debug|Any CPU
		{EF174C88-E82A-4FCC-9980-F0555FF75D2E}.Debug|ARM.ActiveCfg = Debug|Any CPU
		{EF174C88-E82A-4FCC-9980-F0555FF75D2E}.Debug|ARM.Build.0 = Debug|Any CPU
		{EF174C88-E82A-4FCC-9980-F0555FF75D2E}.Debug|Arm64.ActiveCfg = Debug|Any CPU
		{EF174C88-E82A-4FCC-9980-F0555FF75D2E}.Debug|Arm64.Build.0 = Debug|Any CPU
		{EF174C88-E82A-4FCC-9980-F0555FF75D2E}.Debug|x64.ActiveCfg = Debug|x64
		{EF174C88-E82A-4FCC-9980-F0555FF75D2E}.Debug|x64.Build.0 = Debug|x64
		{EF174C88-E82A-4FCC-9980-F0555FF75D2E}.Debug|x86.ActiveCfg = Debug|Any CPU
		{EF174C88-E82A-4FCC-9980-F0555FF75D2E}.Debug|x86.Build.0 = Debug|Any CPU
		{EF174C88-E82A-4FCC-9980-F0555FF75D2E}.EasyTest|Any CPU.ActiveCfg = EasyTest|Any CPU
		{EF174C88-E82A-4FCC-9980-F0555FF75D2E}.EasyTest|ARM.ActiveCfg = EasyTest|Any CPU
		{EF174C88-E82A-4FCC-9980-F0555FF75D2E}.EasyTest|Arm64.ActiveCfg = EasyTest|Any CPU
		{EF174C88-E82A-4FCC-9980-F0555FF75D2E}.EasyTest|x64.ActiveCfg = EasyTest|Any CPU
		{EF174C88-E82A-4FCC-9980-F0555FF75D2E}.EasyTest|x86.ActiveCfg = EasyTest|Any CPU
		{EF174C88-E82A-4FCC-9980-F0555FF75D2E}.GPU|Any CPU.ActiveCfg = EasyTest|Any CPU
		{EF174C88-E82A-4FCC-9980-F0555FF75D2E}.GPU|Any CPU.Build.0 = EasyTest|Any CPU
		{EF174C88-E82A-4FCC-9980-F0555FF75D2E}.GPU|ARM.ActiveCfg = Release|Any CPU
		{EF174C88-E82A-4FCC-9980-F0555FF75D2E}.GPU|ARM.Build.0 = Release|Any CPU
		{EF174C88-E82A-4FCC-9980-F0555FF75D2E}.GPU|Arm64.ActiveCfg = EasyTest|Any CPU
		{EF174C88-E82A-4FCC-9980-F0555FF75D2E}.GPU|Arm64.Build.0 = EasyTest|Any CPU
		{EF174C88-E82A-4FCC-9980-F0555FF75D2E}.GPU|x64.ActiveCfg = Debug|x64
		{EF174C88-E82A-4FCC-9980-F0555FF75D2E}.GPU|x64.Build.0 = Debug|x64
		{EF174C88-E82A-4FCC-9980-F0555FF75D2E}.GPU|x86.ActiveCfg = NewDebug|Any CPU
		{EF174C88-E82A-4FCC-9980-F0555FF75D2E}.GPU|x86.Build.0 = NewDebug|Any CPU
		{EF174C88-E82A-4FCC-9980-F0555FF75D2E}.Release|Any CPU.ActiveCfg = Release|Any CPU
		{EF174C88-E82A-4FCC-9980-F0555FF75D2E}.Release|Any CPU.Build.0 = Release|Any CPU
		{EF174C88-E82A-4FCC-9980-F0555FF75D2E}.Release|ARM.ActiveCfg = Release|Any CPU
		{EF174C88-E82A-4FCC-9980-F0555FF75D2E}.Release|ARM.Build.0 = Release|Any CPU
		{EF174C88-E82A-4FCC-9980-F0555FF75D2E}.Release|Arm64.ActiveCfg = Release|Any CPU
		{EF174C88-E82A-4FCC-9980-F0555FF75D2E}.Release|Arm64.Build.0 = Release|Any CPU
		{EF174C88-E82A-4FCC-9980-F0555FF75D2E}.Release|x64.ActiveCfg = Release|x64
		{EF174C88-E82A-4FCC-9980-F0555FF75D2E}.Release|x64.Build.0 = Release|x64
		{EF174C88-E82A-4FCC-9980-F0555FF75D2E}.Release|x86.ActiveCfg = Release|Any CPU
		{EF174C88-E82A-4FCC-9980-F0555FF75D2E}.Release|x86.Build.0 = Release|Any CPU
		{C6A43183-2387-4A6C-8B34-0B8C186E0435}.Debug|Any CPU.ActiveCfg = Debug|Any CPU
		{C6A43183-2387-4A6C-8B34-0B8C186E0435}.Debug|Any CPU.Build.0 = Debug|Any CPU
		{C6A43183-2387-4A6C-8B34-0B8C186E0435}.Debug|ARM.ActiveCfg = Debug|Any CPU
		{C6A43183-2387-4A6C-8B34-0B8C186E0435}.Debug|ARM.Build.0 = Debug|Any CPU
		{C6A43183-2387-4A6C-8B34-0B8C186E0435}.Debug|Arm64.ActiveCfg = Debug|Any CPU
		{C6A43183-2387-4A6C-8B34-0B8C186E0435}.Debug|Arm64.Build.0 = Debug|Any CPU
		{C6A43183-2387-4A6C-8B34-0B8C186E0435}.Debug|x64.ActiveCfg = Debug|x64
		{C6A43183-2387-4A6C-8B34-0B8C186E0435}.Debug|x64.Build.0 = Debug|x64
		{C6A43183-2387-4A6C-8B34-0B8C186E0435}.Debug|x86.ActiveCfg = Debug|Any CPU
		{C6A43183-2387-4A6C-8B34-0B8C186E0435}.Debug|x86.Build.0 = Debug|Any CPU
		{C6A43183-2387-4A6C-8B34-0B8C186E0435}.EasyTest|Any CPU.ActiveCfg = Release|Any CPU
		{C6A43183-2387-4A6C-8B34-0B8C186E0435}.EasyTest|Any CPU.Build.0 = Release|Any CPU
		{C6A43183-2387-4A6C-8B34-0B8C186E0435}.EasyTest|ARM.ActiveCfg = Release|Any CPU
		{C6A43183-2387-4A6C-8B34-0B8C186E0435}.EasyTest|ARM.Build.0 = Release|Any CPU
		{C6A43183-2387-4A6C-8B34-0B8C186E0435}.EasyTest|Arm64.ActiveCfg = Release|Any CPU
		{C6A43183-2387-4A6C-8B34-0B8C186E0435}.EasyTest|Arm64.Build.0 = Release|Any CPU
		{C6A43183-2387-4A6C-8B34-0B8C186E0435}.EasyTest|x64.ActiveCfg = NewDebug|x64
		{C6A43183-2387-4A6C-8B34-0B8C186E0435}.EasyTest|x64.Build.0 = NewDebug|x64
		{C6A43183-2387-4A6C-8B34-0B8C186E0435}.EasyTest|x86.ActiveCfg = Release|Any CPU
		{C6A43183-2387-4A6C-8B34-0B8C186E0435}.EasyTest|x86.Build.0 = Release|Any CPU
		{C6A43183-2387-4A6C-8B34-0B8C186E0435}.GPU|Any CPU.ActiveCfg = NewDebug|Any CPU
		{C6A43183-2387-4A6C-8B34-0B8C186E0435}.GPU|Any CPU.Build.0 = NewDebug|Any CPU
		{C6A43183-2387-4A6C-8B34-0B8C186E0435}.GPU|ARM.ActiveCfg = Release|Any CPU
		{C6A43183-2387-4A6C-8B34-0B8C186E0435}.GPU|ARM.Build.0 = Release|Any CPU
		{C6A43183-2387-4A6C-8B34-0B8C186E0435}.GPU|Arm64.ActiveCfg = NewDebug|Any CPU
		{C6A43183-2387-4A6C-8B34-0B8C186E0435}.GPU|Arm64.Build.0 = NewDebug|Any CPU
		{C6A43183-2387-4A6C-8B34-0B8C186E0435}.GPU|x64.ActiveCfg = Debug|x64
		{C6A43183-2387-4A6C-8B34-0B8C186E0435}.GPU|x64.Build.0 = Debug|x64
		{C6A43183-2387-4A6C-8B34-0B8C186E0435}.GPU|x86.ActiveCfg = Release|Any CPU
		{C6A43183-2387-4A6C-8B34-0B8C186E0435}.GPU|x86.Build.0 = Release|Any CPU
		{C6A43183-2387-4A6C-8B34-0B8C186E0435}.Release|Any CPU.ActiveCfg = Release|Any CPU
		{C6A43183-2387-4A6C-8B34-0B8C186E0435}.Release|Any CPU.Build.0 = Release|Any CPU
		{C6A43183-2387-4A6C-8B34-0B8C186E0435}.Release|ARM.ActiveCfg = Release|Any CPU
		{C6A43183-2387-4A6C-8B34-0B8C186E0435}.Release|ARM.Build.0 = Release|Any CPU
		{C6A43183-2387-4A6C-8B34-0B8C186E0435}.Release|Arm64.ActiveCfg = Release|Any CPU
		{C6A43183-2387-4A6C-8B34-0B8C186E0435}.Release|Arm64.Build.0 = Release|Any CPU
		{C6A43183-2387-4A6C-8B34-0B8C186E0435}.Release|x64.ActiveCfg = Release|x64
		{C6A43183-2387-4A6C-8B34-0B8C186E0435}.Release|x64.Build.0 = Release|x64
		{C6A43183-2387-4A6C-8B34-0B8C186E0435}.Release|x86.ActiveCfg = Release|Any CPU
		{C6A43183-2387-4A6C-8B34-0B8C186E0435}.Release|x86.Build.0 = Release|Any CPU
		{618391F7-12DD-4728-B2E1-F43342035E6F}.Debug|Any CPU.ActiveCfg = Debug|Any CPU
		{618391F7-12DD-4728-B2E1-F43342035E6F}.Debug|Any CPU.Build.0 = Debug|Any CPU
		{618391F7-12DD-4728-B2E1-F43342035E6F}.Debug|ARM.ActiveCfg = Debug|Any CPU
		{618391F7-12DD-4728-B2E1-F43342035E6F}.Debug|ARM.Build.0 = Debug|Any CPU
		{618391F7-12DD-4728-B2E1-F43342035E6F}.Debug|Arm64.ActiveCfg = Debug|Any CPU
		{618391F7-12DD-4728-B2E1-F43342035E6F}.Debug|Arm64.Build.0 = Debug|Any CPU
		{618391F7-12DD-4728-B2E1-F43342035E6F}.Debug|x64.ActiveCfg = Debug|x64
		{618391F7-12DD-4728-B2E1-F43342035E6F}.Debug|x64.Build.0 = Debug|x64
		{618391F7-12DD-4728-B2E1-F43342035E6F}.Debug|x86.ActiveCfg = Debug|Any CPU
		{618391F7-12DD-4728-B2E1-F43342035E6F}.Debug|x86.Build.0 = Debug|Any CPU
		{618391F7-12DD-4728-B2E1-F43342035E6F}.EasyTest|Any CPU.ActiveCfg = Release|Any CPU
		{618391F7-12DD-4728-B2E1-F43342035E6F}.EasyTest|Any CPU.Build.0 = Release|Any CPU
		{618391F7-12DD-4728-B2E1-F43342035E6F}.EasyTest|ARM.ActiveCfg = Release|Any CPU
		{618391F7-12DD-4728-B2E1-F43342035E6F}.EasyTest|ARM.Build.0 = Release|Any CPU
		{618391F7-12DD-4728-B2E1-F43342035E6F}.EasyTest|Arm64.ActiveCfg = Release|Any CPU
		{618391F7-12DD-4728-B2E1-F43342035E6F}.EasyTest|Arm64.Build.0 = Release|Any CPU
		{618391F7-12DD-4728-B2E1-F43342035E6F}.EasyTest|x64.ActiveCfg = NewDebug|x64
		{618391F7-12DD-4728-B2E1-F43342035E6F}.EasyTest|x64.Build.0 = NewDebug|x64
		{618391F7-12DD-4728-B2E1-F43342035E6F}.EasyTest|x86.ActiveCfg = Release|Any CPU
		{618391F7-12DD-4728-B2E1-F43342035E6F}.EasyTest|x86.Build.0 = Release|Any CPU
		{618391F7-12DD-4728-B2E1-F43342035E6F}.GPU|Any CPU.ActiveCfg = NewDebug|Any CPU
		{618391F7-12DD-4728-B2E1-F43342035E6F}.GPU|Any CPU.Build.0 = NewDebug|Any CPU
		{618391F7-12DD-4728-B2E1-F43342035E6F}.GPU|ARM.ActiveCfg = Release|Any CPU
		{618391F7-12DD-4728-B2E1-F43342035E6F}.GPU|ARM.Build.0 = Release|Any CPU
		{618391F7-12DD-4728-B2E1-F43342035E6F}.GPU|Arm64.ActiveCfg = NewDebug|Any CPU
		{618391F7-12DD-4728-B2E1-F43342035E6F}.GPU|Arm64.Build.0 = NewDebug|Any CPU
		{618391F7-12DD-4728-B2E1-F43342035E6F}.GPU|x64.ActiveCfg = Debug|x64
		{618391F7-12DD-4728-B2E1-F43342035E6F}.GPU|x64.Build.0 = Debug|x64
		{618391F7-12DD-4728-B2E1-F43342035E6F}.GPU|x86.ActiveCfg = Release|Any CPU
		{618391F7-12DD-4728-B2E1-F43342035E6F}.GPU|x86.Build.0 = Release|Any CPU
		{618391F7-12DD-4728-B2E1-F43342035E6F}.Release|Any CPU.ActiveCfg = Release|Any CPU
		{618391F7-12DD-4728-B2E1-F43342035E6F}.Release|Any CPU.Build.0 = Release|Any CPU
		{618391F7-12DD-4728-B2E1-F43342035E6F}.Release|ARM.ActiveCfg = Release|Any CPU
		{618391F7-12DD-4728-B2E1-F43342035E6F}.Release|ARM.Build.0 = Release|Any CPU
		{618391F7-12DD-4728-B2E1-F43342035E6F}.Release|Arm64.ActiveCfg = Release|Any CPU
		{618391F7-12DD-4728-B2E1-F43342035E6F}.Release|Arm64.Build.0 = Release|Any CPU
		{618391F7-12DD-4728-B2E1-F43342035E6F}.Release|x64.ActiveCfg = Release|x64
		{618391F7-12DD-4728-B2E1-F43342035E6F}.Release|x64.Build.0 = Release|x64
		{618391F7-12DD-4728-B2E1-F43342035E6F}.Release|x86.ActiveCfg = Release|Any CPU
		{618391F7-12DD-4728-B2E1-F43342035E6F}.Release|x86.Build.0 = Release|Any CPU
		{F53204BB-85CC-4B19-A7D2-3A26980A4C4B}.Debug|Any CPU.ActiveCfg = Debug|Any CPU
		{F53204BB-85CC-4B19-A7D2-3A26980A4C4B}.Debug|Any CPU.Build.0 = Debug|Any CPU
		{F53204BB-85CC-4B19-A7D2-3A26980A4C4B}.Debug|ARM.ActiveCfg = Debug|Any CPU
		{F53204BB-85CC-4B19-A7D2-3A26980A4C4B}.Debug|ARM.Build.0 = Debug|Any CPU
		{F53204BB-85CC-4B19-A7D2-3A26980A4C4B}.Debug|Arm64.ActiveCfg = Debug|Any CPU
		{F53204BB-85CC-4B19-A7D2-3A26980A4C4B}.Debug|Arm64.Build.0 = Debug|Any CPU
		{F53204BB-85CC-4B19-A7D2-3A26980A4C4B}.Debug|x64.ActiveCfg = Debug|Any CPU
		{F53204BB-85CC-4B19-A7D2-3A26980A4C4B}.Debug|x64.Build.0 = Debug|Any CPU
		{F53204BB-85CC-4B19-A7D2-3A26980A4C4B}.Debug|x86.ActiveCfg = Debug|Any CPU
		{F53204BB-85CC-4B19-A7D2-3A26980A4C4B}.Debug|x86.Build.0 = Debug|Any CPU
		{F53204BB-85CC-4B19-A7D2-3A26980A4C4B}.EasyTest|Any CPU.ActiveCfg = Release|Any CPU
		{F53204BB-85CC-4B19-A7D2-3A26980A4C4B}.EasyTest|Any CPU.Build.0 = Release|Any CPU
		{F53204BB-85CC-4B19-A7D2-3A26980A4C4B}.EasyTest|ARM.ActiveCfg = Release|Any CPU
		{F53204BB-85CC-4B19-A7D2-3A26980A4C4B}.EasyTest|ARM.Build.0 = Release|Any CPU
		{F53204BB-85CC-4B19-A7D2-3A26980A4C4B}.EasyTest|Arm64.ActiveCfg = Release|Any CPU
		{F53204BB-85CC-4B19-A7D2-3A26980A4C4B}.EasyTest|Arm64.Build.0 = Release|Any CPU
		{F53204BB-85CC-4B19-A7D2-3A26980A4C4B}.EasyTest|x64.ActiveCfg = Release|Any CPU
		{F53204BB-85CC-4B19-A7D2-3A26980A4C4B}.EasyTest|x64.Build.0 = Release|Any CPU
		{F53204BB-85CC-4B19-A7D2-3A26980A4C4B}.EasyTest|x86.ActiveCfg = Release|Any CPU
		{F53204BB-85CC-4B19-A7D2-3A26980A4C4B}.EasyTest|x86.Build.0 = Release|Any CPU
		{F53204BB-85CC-4B19-A7D2-3A26980A4C4B}.GPU|Any CPU.ActiveCfg = Debug|Any CPU
		{F53204BB-85CC-4B19-A7D2-3A26980A4C4B}.GPU|Any CPU.Build.0 = Debug|Any CPU
		{F53204BB-85CC-4B19-A7D2-3A26980A4C4B}.GPU|ARM.ActiveCfg = Release|Any CPU
		{F53204BB-85CC-4B19-A7D2-3A26980A4C4B}.GPU|ARM.Build.0 = Release|Any CPU
		{F53204BB-85CC-4B19-A7D2-3A26980A4C4B}.GPU|Arm64.ActiveCfg = Debug|Any CPU
		{F53204BB-85CC-4B19-A7D2-3A26980A4C4B}.GPU|Arm64.Build.0 = Debug|Any CPU
		{F53204BB-85CC-4B19-A7D2-3A26980A4C4B}.GPU|x64.ActiveCfg = Debug|Any CPU
		{F53204BB-85CC-4B19-A7D2-3A26980A4C4B}.GPU|x64.Build.0 = Debug|Any CPU
		{F53204BB-85CC-4B19-A7D2-3A26980A4C4B}.GPU|x86.ActiveCfg = Release|Any CPU
		{F53204BB-85CC-4B19-A7D2-3A26980A4C4B}.GPU|x86.Build.0 = Release|Any CPU
		{F53204BB-85CC-4B19-A7D2-3A26980A4C4B}.Release|Any CPU.ActiveCfg = Release|Any CPU
		{F53204BB-85CC-4B19-A7D2-3A26980A4C4B}.Release|Any CPU.Build.0 = Release|Any CPU
		{F53204BB-85CC-4B19-A7D2-3A26980A4C4B}.Release|ARM.ActiveCfg = Release|Any CPU
		{F53204BB-85CC-4B19-A7D2-3A26980A4C4B}.Release|ARM.Build.0 = Release|Any CPU
		{F53204BB-85CC-4B19-A7D2-3A26980A4C4B}.Release|Arm64.ActiveCfg = Release|Any CPU
		{F53204BB-85CC-4B19-A7D2-3A26980A4C4B}.Release|Arm64.Build.0 = Release|Any CPU
		{F53204BB-85CC-4B19-A7D2-3A26980A4C4B}.Release|x64.ActiveCfg = Release|Any CPU
		{F53204BB-85CC-4B19-A7D2-3A26980A4C4B}.Release|x64.Build.0 = Release|Any CPU
		{F53204BB-85CC-4B19-A7D2-3A26980A4C4B}.Release|x86.ActiveCfg = Release|Any CPU
		{F53204BB-85CC-4B19-A7D2-3A26980A4C4B}.Release|x86.Build.0 = Release|Any CPU
		{35922882-85B8-4745-936D-C76505ED00A5}.Debug|Any CPU.ActiveCfg = Debug|Any CPU
		{35922882-85B8-4745-936D-C76505ED00A5}.Debug|Any CPU.Build.0 = Debug|Any CPU
		{35922882-85B8-4745-936D-C76505ED00A5}.Debug|ARM.ActiveCfg = Debug|Any CPU
		{35922882-85B8-4745-936D-C76505ED00A5}.Debug|ARM.Build.0 = Debug|Any CPU
		{35922882-85B8-4745-936D-C76505ED00A5}.Debug|Arm64.ActiveCfg = Debug|Any CPU
		{35922882-85B8-4745-936D-C76505ED00A5}.Debug|Arm64.Build.0 = Debug|Any CPU
		{35922882-85B8-4745-936D-C76505ED00A5}.Debug|x64.ActiveCfg = Debug|Any CPU
		{35922882-85B8-4745-936D-C76505ED00A5}.Debug|x64.Build.0 = Debug|Any CPU
		{35922882-85B8-4745-936D-C76505ED00A5}.Debug|x86.ActiveCfg = Debug|Any CPU
		{35922882-85B8-4745-936D-C76505ED00A5}.Debug|x86.Build.0 = Debug|Any CPU
		{35922882-85B8-4745-936D-C76505ED00A5}.EasyTest|Any CPU.ActiveCfg = Debug|Any CPU
		{35922882-85B8-4745-936D-C76505ED00A5}.EasyTest|Any CPU.Build.0 = Debug|Any CPU
		{35922882-85B8-4745-936D-C76505ED00A5}.EasyTest|ARM.ActiveCfg = Debug|Any CPU
		{35922882-85B8-4745-936D-C76505ED00A5}.EasyTest|ARM.Build.0 = Debug|Any CPU
		{35922882-85B8-4745-936D-C76505ED00A5}.EasyTest|Arm64.ActiveCfg = Debug|Any CPU
		{35922882-85B8-4745-936D-C76505ED00A5}.EasyTest|Arm64.Build.0 = Debug|Any CPU
		{35922882-85B8-4745-936D-C76505ED00A5}.EasyTest|x64.ActiveCfg = Debug|Any CPU
		{35922882-85B8-4745-936D-C76505ED00A5}.EasyTest|x64.Build.0 = Debug|Any CPU
		{35922882-85B8-4745-936D-C76505ED00A5}.EasyTest|x86.ActiveCfg = Debug|Any CPU
		{35922882-85B8-4745-936D-C76505ED00A5}.EasyTest|x86.Build.0 = Debug|Any CPU
		{35922882-85B8-4745-936D-C76505ED00A5}.GPU|Any CPU.ActiveCfg = Debug|Any CPU
		{35922882-85B8-4745-936D-C76505ED00A5}.GPU|Any CPU.Build.0 = Debug|Any CPU
		{35922882-85B8-4745-936D-C76505ED00A5}.GPU|ARM.ActiveCfg = Debug|Any CPU
		{35922882-85B8-4745-936D-C76505ED00A5}.GPU|ARM.Build.0 = Debug|Any CPU
		{35922882-85B8-4745-936D-C76505ED00A5}.GPU|Arm64.ActiveCfg = Debug|Any CPU
		{35922882-85B8-4745-936D-C76505ED00A5}.GPU|Arm64.Build.0 = Debug|Any CPU
		{35922882-85B8-4745-936D-C76505ED00A5}.GPU|x64.ActiveCfg = Debug|Any CPU
		{35922882-85B8-4745-936D-C76505ED00A5}.GPU|x64.Build.0 = Debug|Any CPU
		{35922882-85B8-4745-936D-C76505ED00A5}.GPU|x86.ActiveCfg = Debug|Any CPU
		{35922882-85B8-4745-936D-C76505ED00A5}.GPU|x86.Build.0 = Debug|Any CPU
		{35922882-85B8-4745-936D-C76505ED00A5}.Release|Any CPU.ActiveCfg = Release|Any CPU
		{35922882-85B8-4745-936D-C76505ED00A5}.Release|Any CPU.Build.0 = Release|Any CPU
		{35922882-85B8-4745-936D-C76505ED00A5}.Release|ARM.ActiveCfg = Release|Any CPU
		{35922882-85B8-4745-936D-C76505ED00A5}.Release|ARM.Build.0 = Release|Any CPU
		{35922882-85B8-4745-936D-C76505ED00A5}.Release|Arm64.ActiveCfg = Release|Any CPU
		{35922882-85B8-4745-936D-C76505ED00A5}.Release|Arm64.Build.0 = Release|Any CPU
		{35922882-85B8-4745-936D-C76505ED00A5}.Release|x64.ActiveCfg = Release|Any CPU
		{35922882-85B8-4745-936D-C76505ED00A5}.Release|x64.Build.0 = Release|Any CPU
		{35922882-85B8-4745-936D-C76505ED00A5}.Release|x86.ActiveCfg = Release|Any CPU
		{35922882-85B8-4745-936D-C76505ED00A5}.Release|x86.Build.0 = Release|Any CPU
		{F82AF90D-B8ED-4214-9B5F-D7938E4DE9D0}.Debug|Any CPU.ActiveCfg = Debug|Any CPU
		{F82AF90D-B8ED-4214-9B5F-D7938E4DE9D0}.Debug|Any CPU.Build.0 = Debug|Any CPU
		{F82AF90D-B8ED-4214-9B5F-D7938E4DE9D0}.Debug|ARM.ActiveCfg = Debug|Any CPU
		{F82AF90D-B8ED-4214-9B5F-D7938E4DE9D0}.Debug|ARM.Build.0 = Debug|Any CPU
		{F82AF90D-B8ED-4214-9B5F-D7938E4DE9D0}.Debug|Arm64.ActiveCfg = Debug|Any CPU
		{F82AF90D-B8ED-4214-9B5F-D7938E4DE9D0}.Debug|Arm64.Build.0 = Debug|Any CPU
		{F82AF90D-B8ED-4214-9B5F-D7938E4DE9D0}.Debug|x64.ActiveCfg = Debug|Any CPU
		{F82AF90D-B8ED-4214-9B5F-D7938E4DE9D0}.Debug|x64.Build.0 = Debug|Any CPU
		{F82AF90D-B8ED-4214-9B5F-D7938E4DE9D0}.Debug|x86.ActiveCfg = Debug|Any CPU
		{F82AF90D-B8ED-4214-9B5F-D7938E4DE9D0}.Debug|x86.Build.0 = Debug|Any CPU
		{F82AF90D-B8ED-4214-9B5F-D7938E4DE9D0}.EasyTest|Any CPU.ActiveCfg = Debug|Any CPU
		{F82AF90D-B8ED-4214-9B5F-D7938E4DE9D0}.EasyTest|Any CPU.Build.0 = Debug|Any CPU
		{F82AF90D-B8ED-4214-9B5F-D7938E4DE9D0}.EasyTest|ARM.ActiveCfg = Debug|Any CPU
		{F82AF90D-B8ED-4214-9B5F-D7938E4DE9D0}.EasyTest|ARM.Build.0 = Debug|Any CPU
		{F82AF90D-B8ED-4214-9B5F-D7938E4DE9D0}.EasyTest|Arm64.ActiveCfg = Debug|Any CPU
		{F82AF90D-B8ED-4214-9B5F-D7938E4DE9D0}.EasyTest|Arm64.Build.0 = Debug|Any CPU
		{F82AF90D-B8ED-4214-9B5F-D7938E4DE9D0}.EasyTest|x64.ActiveCfg = Debug|Any CPU
		{F82AF90D-B8ED-4214-9B5F-D7938E4DE9D0}.EasyTest|x64.Build.0 = Debug|Any CPU
		{F82AF90D-B8ED-4214-9B5F-D7938E4DE9D0}.EasyTest|x86.ActiveCfg = Debug|Any CPU
		{F82AF90D-B8ED-4214-9B5F-D7938E4DE9D0}.EasyTest|x86.Build.0 = Debug|Any CPU
		{F82AF90D-B8ED-4214-9B5F-D7938E4DE9D0}.GPU|Any CPU.ActiveCfg = Debug|Any CPU
		{F82AF90D-B8ED-4214-9B5F-D7938E4DE9D0}.GPU|Any CPU.Build.0 = Debug|Any CPU
		{F82AF90D-B8ED-4214-9B5F-D7938E4DE9D0}.GPU|ARM.ActiveCfg = Debug|Any CPU
		{F82AF90D-B8ED-4214-9B5F-D7938E4DE9D0}.GPU|ARM.Build.0 = Debug|Any CPU
		{F82AF90D-B8ED-4214-9B5F-D7938E4DE9D0}.GPU|Arm64.ActiveCfg = Debug|Any CPU
		{F82AF90D-B8ED-4214-9B5F-D7938E4DE9D0}.GPU|Arm64.Build.0 = Debug|Any CPU
		{F82AF90D-B8ED-4214-9B5F-D7938E4DE9D0}.GPU|x64.ActiveCfg = Debug|Any CPU
		{F82AF90D-B8ED-4214-9B5F-D7938E4DE9D0}.GPU|x64.Build.0 = Debug|Any CPU
		{F82AF90D-B8ED-4214-9B5F-D7938E4DE9D0}.GPU|x86.ActiveCfg = Debug|Any CPU
		{F82AF90D-B8ED-4214-9B5F-D7938E4DE9D0}.GPU|x86.Build.0 = Debug|Any CPU
		{F82AF90D-B8ED-4214-9B5F-D7938E4DE9D0}.Release|Any CPU.ActiveCfg = Release|Any CPU
		{F82AF90D-B8ED-4214-9B5F-D7938E4DE9D0}.Release|Any CPU.Build.0 = Release|Any CPU
		{F82AF90D-B8ED-4214-9B5F-D7938E4DE9D0}.Release|ARM.ActiveCfg = Release|Any CPU
		{F82AF90D-B8ED-4214-9B5F-D7938E4DE9D0}.Release|ARM.Build.0 = Release|Any CPU
		{F82AF90D-B8ED-4214-9B5F-D7938E4DE9D0}.Release|Arm64.ActiveCfg = Release|Any CPU
		{F82AF90D-B8ED-4214-9B5F-D7938E4DE9D0}.Release|Arm64.Build.0 = Release|Any CPU
		{F82AF90D-B8ED-4214-9B5F-D7938E4DE9D0}.Release|x64.ActiveCfg = Release|Any CPU
		{F82AF90D-B8ED-4214-9B5F-D7938E4DE9D0}.Release|x64.Build.0 = Release|Any CPU
		{F82AF90D-B8ED-4214-9B5F-D7938E4DE9D0}.Release|x86.ActiveCfg = Release|Any CPU
		{F82AF90D-B8ED-4214-9B5F-D7938E4DE9D0}.Release|x86.Build.0 = Release|Any CPU
		{FDBF4383-4425-4DE0-B250-BF7E0481B946}.Debug|Any CPU.ActiveCfg = Debug|Any CPU
		{FDBF4383-4425-4DE0-B250-BF7E0481B946}.Debug|Any CPU.Build.0 = Debug|Any CPU
		{FDBF4383-4425-4DE0-B250-BF7E0481B946}.Debug|ARM.ActiveCfg = Debug|Any CPU
		{FDBF4383-4425-4DE0-B250-BF7E0481B946}.Debug|ARM.Build.0 = Debug|Any CPU
		{FDBF4383-4425-4DE0-B250-BF7E0481B946}.Debug|Arm64.ActiveCfg = Debug|Any CPU
		{FDBF4383-4425-4DE0-B250-BF7E0481B946}.Debug|Arm64.Build.0 = Debug|Any CPU
		{FDBF4383-4425-4DE0-B250-BF7E0481B946}.Debug|x64.ActiveCfg = Debug|Any CPU
		{FDBF4383-4425-4DE0-B250-BF7E0481B946}.Debug|x64.Build.0 = Debug|Any CPU
		{FDBF4383-4425-4DE0-B250-BF7E0481B946}.Debug|x86.ActiveCfg = Debug|Any CPU
		{FDBF4383-4425-4DE0-B250-BF7E0481B946}.Debug|x86.Build.0 = Debug|Any CPU
		{FDBF4383-4425-4DE0-B250-BF7E0481B946}.EasyTest|Any CPU.ActiveCfg = Debug|Any CPU
		{FDBF4383-4425-4DE0-B250-BF7E0481B946}.EasyTest|Any CPU.Build.0 = Debug|Any CPU
		{FDBF4383-4425-4DE0-B250-BF7E0481B946}.EasyTest|ARM.ActiveCfg = Debug|Any CPU
		{FDBF4383-4425-4DE0-B250-BF7E0481B946}.EasyTest|ARM.Build.0 = Debug|Any CPU
		{FDBF4383-4425-4DE0-B250-BF7E0481B946}.EasyTest|Arm64.ActiveCfg = Debug|Any CPU
		{FDBF4383-4425-4DE0-B250-BF7E0481B946}.EasyTest|Arm64.Build.0 = Debug|Any CPU
		{FDBF4383-4425-4DE0-B250-BF7E0481B946}.EasyTest|x64.ActiveCfg = Debug|Any CPU
		{FDBF4383-4425-4DE0-B250-BF7E0481B946}.EasyTest|x64.Build.0 = Debug|Any CPU
		{FDBF4383-4425-4DE0-B250-BF7E0481B946}.EasyTest|x86.ActiveCfg = Debug|Any CPU
		{FDBF4383-4425-4DE0-B250-BF7E0481B946}.EasyTest|x86.Build.0 = Debug|Any CPU
		{FDBF4383-4425-4DE0-B250-BF7E0481B946}.GPU|Any CPU.ActiveCfg = Debug|Any CPU
		{FDBF4383-4425-4DE0-B250-BF7E0481B946}.GPU|Any CPU.Build.0 = Debug|Any CPU
		{FDBF4383-4425-4DE0-B250-BF7E0481B946}.GPU|ARM.ActiveCfg = Debug|Any CPU
		{FDBF4383-4425-4DE0-B250-BF7E0481B946}.GPU|ARM.Build.0 = Debug|Any CPU
		{FDBF4383-4425-4DE0-B250-BF7E0481B946}.GPU|Arm64.ActiveCfg = Debug|Any CPU
		{FDBF4383-4425-4DE0-B250-BF7E0481B946}.GPU|Arm64.Build.0 = Debug|Any CPU
		{FDBF4383-4425-4DE0-B250-BF7E0481B946}.GPU|x64.ActiveCfg = Debug|Any CPU
		{FDBF4383-4425-4DE0-B250-BF7E0481B946}.GPU|x64.Build.0 = Debug|Any CPU
		{FDBF4383-4425-4DE0-B250-BF7E0481B946}.GPU|x86.ActiveCfg = Debug|Any CPU
		{FDBF4383-4425-4DE0-B250-BF7E0481B946}.GPU|x86.Build.0 = Debug|Any CPU
		{FDBF4383-4425-4DE0-B250-BF7E0481B946}.Release|Any CPU.ActiveCfg = Release|Any CPU
		{FDBF4383-4425-4DE0-B250-BF7E0481B946}.Release|Any CPU.Build.0 = Release|Any CPU
		{FDBF4383-4425-4DE0-B250-BF7E0481B946}.Release|ARM.ActiveCfg = Release|Any CPU
		{FDBF4383-4425-4DE0-B250-BF7E0481B946}.Release|ARM.Build.0 = Release|Any CPU
		{FDBF4383-4425-4DE0-B250-BF7E0481B946}.Release|Arm64.ActiveCfg = Release|Any CPU
		{FDBF4383-4425-4DE0-B250-BF7E0481B946}.Release|Arm64.Build.0 = Release|Any CPU
		{FDBF4383-4425-4DE0-B250-BF7E0481B946}.Release|x64.ActiveCfg = Release|Any CPU
		{FDBF4383-4425-4DE0-B250-BF7E0481B946}.Release|x64.Build.0 = Release|Any CPU
		{FDBF4383-4425-4DE0-B250-BF7E0481B946}.Release|x86.ActiveCfg = Release|Any CPU
		{FDBF4383-4425-4DE0-B250-BF7E0481B946}.Release|x86.Build.0 = Release|Any CPU
		{75896E8C-6AB9-4F8B-96E9-9254B5791CE2}.Debug|Any CPU.ActiveCfg = Debug|Any CPU
		{75896E8C-6AB9-4F8B-96E9-9254B5791CE2}.Debug|Any CPU.Build.0 = Debug|Any CPU
		{75896E8C-6AB9-4F8B-96E9-9254B5791CE2}.Debug|ARM.ActiveCfg = Debug|Any CPU
		{75896E8C-6AB9-4F8B-96E9-9254B5791CE2}.Debug|ARM.Build.0 = Debug|Any CPU
		{75896E8C-6AB9-4F8B-96E9-9254B5791CE2}.Debug|Arm64.ActiveCfg = Debug|Any CPU
		{75896E8C-6AB9-4F8B-96E9-9254B5791CE2}.Debug|Arm64.Build.0 = Debug|Any CPU
		{75896E8C-6AB9-4F8B-96E9-9254B5791CE2}.Debug|x64.ActiveCfg = Debug|Any CPU
		{75896E8C-6AB9-4F8B-96E9-9254B5791CE2}.Debug|x64.Build.0 = Debug|Any CPU
		{75896E8C-6AB9-4F8B-96E9-9254B5791CE2}.Debug|x86.ActiveCfg = Debug|Any CPU
		{75896E8C-6AB9-4F8B-96E9-9254B5791CE2}.Debug|x86.Build.0 = Debug|Any CPU
		{75896E8C-6AB9-4F8B-96E9-9254B5791CE2}.EasyTest|Any CPU.ActiveCfg = Debug|Any CPU
		{75896E8C-6AB9-4F8B-96E9-9254B5791CE2}.EasyTest|Any CPU.Build.0 = Debug|Any CPU
		{75896E8C-6AB9-4F8B-96E9-9254B5791CE2}.EasyTest|ARM.ActiveCfg = Debug|Any CPU
		{75896E8C-6AB9-4F8B-96E9-9254B5791CE2}.EasyTest|ARM.Build.0 = Debug|Any CPU
		{75896E8C-6AB9-4F8B-96E9-9254B5791CE2}.EasyTest|Arm64.ActiveCfg = Debug|Any CPU
		{75896E8C-6AB9-4F8B-96E9-9254B5791CE2}.EasyTest|Arm64.Build.0 = Debug|Any CPU
		{75896E8C-6AB9-4F8B-96E9-9254B5791CE2}.EasyTest|x64.ActiveCfg = Debug|Any CPU
		{75896E8C-6AB9-4F8B-96E9-9254B5791CE2}.EasyTest|x64.Build.0 = Debug|Any CPU
		{75896E8C-6AB9-4F8B-96E9-9254B5791CE2}.EasyTest|x86.ActiveCfg = Debug|Any CPU
		{75896E8C-6AB9-4F8B-96E9-9254B5791CE2}.EasyTest|x86.Build.0 = Debug|Any CPU
		{75896E8C-6AB9-4F8B-96E9-9254B5791CE2}.GPU|Any CPU.ActiveCfg = Debug|Any CPU
		{75896E8C-6AB9-4F8B-96E9-9254B5791CE2}.GPU|Any CPU.Build.0 = Debug|Any CPU
		{75896E8C-6AB9-4F8B-96E9-9254B5791CE2}.GPU|ARM.ActiveCfg = Debug|Any CPU
		{75896E8C-6AB9-4F8B-96E9-9254B5791CE2}.GPU|ARM.Build.0 = Debug|Any CPU
		{75896E8C-6AB9-4F8B-96E9-9254B5791CE2}.GPU|Arm64.ActiveCfg = Debug|Any CPU
		{75896E8C-6AB9-4F8B-96E9-9254B5791CE2}.GPU|Arm64.Build.0 = Debug|Any CPU
		{75896E8C-6AB9-4F8B-96E9-9254B5791CE2}.GPU|x64.ActiveCfg = Debug|Any CPU
		{75896E8C-6AB9-4F8B-96E9-9254B5791CE2}.GPU|x64.Build.0 = Debug|Any CPU
		{75896E8C-6AB9-4F8B-96E9-9254B5791CE2}.GPU|x86.ActiveCfg = Debug|Any CPU
		{75896E8C-6AB9-4F8B-96E9-9254B5791CE2}.GPU|x86.Build.0 = Debug|Any CPU
		{75896E8C-6AB9-4F8B-96E9-9254B5791CE2}.Release|Any CPU.ActiveCfg = Release|Any CPU
		{75896E8C-6AB9-4F8B-96E9-9254B5791CE2}.Release|Any CPU.Build.0 = Release|Any CPU
		{75896E8C-6AB9-4F8B-96E9-9254B5791CE2}.Release|ARM.ActiveCfg = Release|Any CPU
		{75896E8C-6AB9-4F8B-96E9-9254B5791CE2}.Release|ARM.Build.0 = Release|Any CPU
		{75896E8C-6AB9-4F8B-96E9-9254B5791CE2}.Release|Arm64.ActiveCfg = Release|Any CPU
		{75896E8C-6AB9-4F8B-96E9-9254B5791CE2}.Release|Arm64.Build.0 = Release|Any CPU
		{75896E8C-6AB9-4F8B-96E9-9254B5791CE2}.Release|x64.ActiveCfg = Release|Any CPU
		{75896E8C-6AB9-4F8B-96E9-9254B5791CE2}.Release|x64.Build.0 = Release|Any CPU
		{75896E8C-6AB9-4F8B-96E9-9254B5791CE2}.Release|x86.ActiveCfg = Release|Any CPU
		{75896E8C-6AB9-4F8B-96E9-9254B5791CE2}.Release|x86.Build.0 = Release|Any CPU
		{7AA0970F-AE89-4DCA-A299-384BFC564886}.Debug|Any CPU.ActiveCfg = Debug|Any CPU
		{7AA0970F-AE89-4DCA-A299-384BFC564886}.Debug|Any CPU.Build.0 = Debug|Any CPU
		{7AA0970F-AE89-4DCA-A299-384BFC564886}.Debug|ARM.ActiveCfg = Debug|Any CPU
		{7AA0970F-AE89-4DCA-A299-384BFC564886}.Debug|ARM.Build.0 = Debug|Any CPU
		{7AA0970F-AE89-4DCA-A299-384BFC564886}.Debug|Arm64.ActiveCfg = Debug|Any CPU
		{7AA0970F-AE89-4DCA-A299-384BFC564886}.Debug|Arm64.Build.0 = Debug|Any CPU
		{7AA0970F-AE89-4DCA-A299-384BFC564886}.Debug|x64.ActiveCfg = Debug|Any CPU
		{7AA0970F-AE89-4DCA-A299-384BFC564886}.Debug|x64.Build.0 = Debug|Any CPU
		{7AA0970F-AE89-4DCA-A299-384BFC564886}.Debug|x86.ActiveCfg = Debug|Any CPU
		{7AA0970F-AE89-4DCA-A299-384BFC564886}.Debug|x86.Build.0 = Debug|Any CPU
		{7AA0970F-AE89-4DCA-A299-384BFC564886}.EasyTest|Any CPU.ActiveCfg = Debug|Any CPU
		{7AA0970F-AE89-4DCA-A299-384BFC564886}.EasyTest|Any CPU.Build.0 = Debug|Any CPU
		{7AA0970F-AE89-4DCA-A299-384BFC564886}.EasyTest|ARM.ActiveCfg = Debug|Any CPU
		{7AA0970F-AE89-4DCA-A299-384BFC564886}.EasyTest|ARM.Build.0 = Debug|Any CPU
		{7AA0970F-AE89-4DCA-A299-384BFC564886}.EasyTest|Arm64.ActiveCfg = Debug|Any CPU
		{7AA0970F-AE89-4DCA-A299-384BFC564886}.EasyTest|Arm64.Build.0 = Debug|Any CPU
		{7AA0970F-AE89-4DCA-A299-384BFC564886}.EasyTest|x64.ActiveCfg = Debug|Any CPU
		{7AA0970F-AE89-4DCA-A299-384BFC564886}.EasyTest|x64.Build.0 = Debug|Any CPU
		{7AA0970F-AE89-4DCA-A299-384BFC564886}.EasyTest|x86.ActiveCfg = Debug|Any CPU
		{7AA0970F-AE89-4DCA-A299-384BFC564886}.EasyTest|x86.Build.0 = Debug|Any CPU
		{7AA0970F-AE89-4DCA-A299-384BFC564886}.GPU|Any CPU.ActiveCfg = Debug|Any CPU
		{7AA0970F-AE89-4DCA-A299-384BFC564886}.GPU|Any CPU.Build.0 = Debug|Any CPU
		{7AA0970F-AE89-4DCA-A299-384BFC564886}.GPU|ARM.ActiveCfg = Debug|Any CPU
		{7AA0970F-AE89-4DCA-A299-384BFC564886}.GPU|ARM.Build.0 = Debug|Any CPU
		{7AA0970F-AE89-4DCA-A299-384BFC564886}.GPU|Arm64.ActiveCfg = Debug|Any CPU
		{7AA0970F-AE89-4DCA-A299-384BFC564886}.GPU|Arm64.Build.0 = Debug|Any CPU
		{7AA0970F-AE89-4DCA-A299-384BFC564886}.GPU|x64.ActiveCfg = Debug|Any CPU
		{7AA0970F-AE89-4DCA-A299-384BFC564886}.GPU|x64.Build.0 = Debug|Any CPU
		{7AA0970F-AE89-4DCA-A299-384BFC564886}.GPU|x86.ActiveCfg = Debug|Any CPU
		{7AA0970F-AE89-4DCA-A299-384BFC564886}.GPU|x86.Build.0 = Debug|Any CPU
		{7AA0970F-AE89-4DCA-A299-384BFC564886}.Release|Any CPU.ActiveCfg = Release|Any CPU
		{7AA0970F-AE89-4DCA-A299-384BFC564886}.Release|Any CPU.Build.0 = Release|Any CPU
		{7AA0970F-AE89-4DCA-A299-384BFC564886}.Release|ARM.ActiveCfg = Release|Any CPU
		{7AA0970F-AE89-4DCA-A299-384BFC564886}.Release|ARM.Build.0 = Release|Any CPU
		{7AA0970F-AE89-4DCA-A299-384BFC564886}.Release|Arm64.ActiveCfg = Release|Any CPU
		{7AA0970F-AE89-4DCA-A299-384BFC564886}.Release|Arm64.Build.0 = Release|Any CPU
		{7AA0970F-AE89-4DCA-A299-384BFC564886}.Release|x64.ActiveCfg = Release|Any CPU
		{7AA0970F-AE89-4DCA-A299-384BFC564886}.Release|x64.Build.0 = Release|Any CPU
		{7AA0970F-AE89-4DCA-A299-384BFC564886}.Release|x86.ActiveCfg = Release|Any CPU
		{7AA0970F-AE89-4DCA-A299-384BFC564886}.Release|x86.Build.0 = Release|Any CPU
	EndGlobalSection
	GlobalSection(SolutionProperties) = preSolution
		HideSolutionNode = FALSE
	EndGlobalSection
	GlobalSection(ExtensibilityGlobals) = postSolution
		SolutionGuid = {D8FBC07C-1F74-49D3-B2D5-65467BA60EA1}
	EndGlobalSection
EndGlobal
